{
  "version": 4,
  "terraform_version": "1.5.6",
  "serial": 331,
  "lineage": "b2cd78b2-98d2-08e9-e446-011101df823b",
  "outputs": {
    "cluster_endpoint": {
      "value": "https://916E3356A2C1EA351C48AD79D72AD524.gr7.ap-southeast-1.eks.amazonaws.com",
      "type": "string"
    },
    "cluster_name": {
      "value": "welend-cluster",
      "type": "string"
    },
    "cluster_security_group_id": {
      "value": "sg-01e3ecd5f0963f7f2",
      "type": "string"
    },
    "region": {
      "value": "ap-southeast-1",
      "type": "string"
    }
  },
  "resources": [
    {
      "mode": "data",
      "type": "aws_availability_zones",
      "name": "available",
      "provider": "provider[\"registry.terraform.io/hashicorp/aws\"]",
      "instances": [
        {
          "schema_version": 0,
          "attributes": {
            "all_availability_zones": null,
            "exclude_names": null,
            "exclude_zone_ids": null,
            "filter": [
              {
                "name": "opt-in-status",
                "values": [
                  "opt-in-not-required"
                ]
              }
            ],
            "group_names": [
              "ap-southeast-1"
            ],
            "id": "ap-southeast-1",
            "names": [
              "ap-southeast-1a",
              "ap-southeast-1b",
              "ap-southeast-1c"
            ],
            "state": null,
            "timeouts": null,
            "zone_ids": [
              "apse1-az2",
              "apse1-az1",
              "apse1-az3"
            ]
          },
          "sensitive_attributes": []
        }
      ]
    },
    {
      "module": "module.eks",
      "mode": "data",
      "type": "aws_caller_identity",
      "name": "current",
      "provider": "provider[\"registry.terraform.io/hashicorp/aws\"]",
      "instances": [
        {
          "schema_version": 0,
          "attributes": {
            "account_id": "012276489912",
            "arn": "arn:aws:iam::012276489912:user/terrafrom",
            "id": "012276489912",
            "user_id": "AIDAQFW54L24KDF6IK42P"
          },
          "sensitive_attributes": []
        }
      ]
    },
    {
      "module": "module.eks",
      "mode": "data",
      "type": "aws_eks_addon_version",
      "name": "this",
      "provider": "provider[\"registry.terraform.io/hashicorp/aws\"]",
      "instances": [
        {
          "index_key": "coredns",
          "schema_version": 0,
          "attributes": {
            "addon_name": "coredns",
            "id": "coredns",
            "kubernetes_version": "1.27",
            "most_recent": true,
            "version": "v1.10.1-eksbuild.3"
          },
          "sensitive_attributes": []
        },
        {
          "index_key": "kube-proxy",
          "schema_version": 0,
          "attributes": {
            "addon_name": "kube-proxy",
            "id": "kube-proxy",
            "kubernetes_version": "1.27",
            "most_recent": true,
            "version": "v1.27.4-eksbuild.2"
          },
          "sensitive_attributes": []
        },
        {
          "index_key": "vpc-cni",
          "schema_version": 0,
          "attributes": {
            "addon_name": "vpc-cni",
            "id": "vpc-cni",
            "kubernetes_version": "1.27",
            "most_recent": true,
            "version": "v1.13.4-eksbuild.1"
          },
          "sensitive_attributes": []
        }
      ]
    },
    {
      "module": "module.eks",
      "mode": "data",
      "type": "aws_iam_policy_document",
      "name": "assume_role_policy",
      "provider": "provider[\"registry.terraform.io/hashicorp/aws\"]",
      "instances": [
        {
          "index_key": 0,
          "schema_version": 0,
          "attributes": {
            "id": "2764486067",
            "json": "{\n  \"Version\": \"2012-10-17\",\n  \"Statement\": [\n    {\n      \"Sid\": \"EKSClusterAssumeRole\",\n      \"Effect\": \"Allow\",\n      \"Action\": \"sts:AssumeRole\",\n      \"Principal\": {\n        \"Service\": \"eks.amazonaws.com\"\n      }\n    }\n  ]\n}",
            "override_policy_documents": null,
            "policy_id": null,
            "source_policy_documents": null,
            "statement": [
              {
                "actions": [
                  "sts:AssumeRole"
                ],
                "condition": [],
                "effect": "Allow",
                "not_actions": [],
                "not_principals": [],
                "not_resources": [],
                "principals": [
                  {
                    "identifiers": [
                      "eks.amazonaws.com"
                    ],
                    "type": "Service"
                  }
                ],
                "resources": [],
                "sid": "EKSClusterAssumeRole"
              }
            ],
            "version": "2012-10-17"
          },
          "sensitive_attributes": []
        }
      ]
    },
    {
      "module": "module.eks",
      "mode": "data",
      "type": "aws_iam_session_context",
      "name": "current",
      "provider": "provider[\"registry.terraform.io/hashicorp/aws\"]",
      "instances": [
        {
          "schema_version": 0,
          "attributes": {
            "arn": "arn:aws:iam::012276489912:user/terrafrom",
            "id": "arn:aws:iam::012276489912:user/terrafrom",
            "issuer_arn": "arn:aws:iam::012276489912:user/terrafrom",
            "issuer_id": "",
            "issuer_name": "",
            "session_name": ""
          },
          "sensitive_attributes": []
        }
      ]
    },
    {
      "module": "module.eks",
      "mode": "data",
      "type": "aws_partition",
      "name": "current",
      "provider": "provider[\"registry.terraform.io/hashicorp/aws\"]",
      "instances": [
        {
          "schema_version": 0,
          "attributes": {
            "dns_suffix": "amazonaws.com",
            "id": "aws",
            "partition": "aws",
            "reverse_dns_prefix": "com.amazonaws"
          },
          "sensitive_attributes": []
        }
      ]
    },
    {
      "module": "module.eks",
      "mode": "data",
      "type": "tls_certificate",
      "name": "this",
      "provider": "provider[\"registry.terraform.io/hashicorp/tls\"]",
      "instances": [
        {
          "index_key": 0,
          "schema_version": 0,
          "attributes": {
            "certificates": [
              {
                "cert_pem": "-----BEGIN CERTIFICATE-----\nMIIEdTCCA12gAwIBAgIJAKcOSkw0grd/MA0GCSqGSIb3DQEBCwUAMGgxCzAJBgNV\nBAYTAlVTMSUwIwYDVQQKExxTdGFyZmllbGQgVGVjaG5vbG9naWVzLCBJbmMuMTIw\nMAYDVQQLEylTdGFyZmllbGQgQ2xhc3MgMiBDZXJ0aWZpY2F0aW9uIEF1dGhvcml0\neTAeFw0wOTA5MDIwMDAwMDBaFw0zNDA2MjgxNzM5MTZaMIGYMQswCQYDVQQGEwJV\nUzEQMA4GA1UECBMHQXJpem9uYTETMBEGA1UEBxMKU2NvdHRzZGFsZTElMCMGA1UE\nChMcU3RhcmZpZWxkIFRlY2hub2xvZ2llcywgSW5jLjE7MDkGA1UEAxMyU3RhcmZp\nZWxkIFNlcnZpY2VzIFJvb3QgQ2VydGlmaWNhdGUgQXV0aG9yaXR5IC0gRzIwggEi\nMA0GCSqGSIb3DQEBAQUAA4IBDwAwggEKAoIBAQDVDDrEKvlO4vW+GZdfjohTsR8/\ny8+fIBNtKTrID30892t2OGPZNmCom15cAICyL1l/9of5JUOG52kbUpqQ4XHj2C0N\nTm/2yEnZtvMaVq4rtnQU68/7JuMauh2WLmo7WJSJR1b/JaCTcFOD2oR0FMNnngRo\nOt+OQFodSk7PQ5E751bWAHDLUu57fa4657wx+UX2wmDPE1kCK4DMNEffud6QZW0C\nzyyRpqbn3oUYSXxmTqM6bam17jQuug0DuDPfR+uxa40l2ZvOgdFFRjKWcIfeAg5J\nQ4W2bHO7ZOphQazJ1FTfhy/HIrImzJ9ZVGif/L4qL8RVHHVAYBeFAlU5i38FAgMB\nAAGjgfAwge0wDwYDVR0TAQH/BAUwAwEB/zAOBgNVHQ8BAf8EBAMCAYYwHQYDVR0O\nBBYEFJxfAN+qAdcwKziIorhtSpzyEZGDMB8GA1UdIwQYMBaAFL9ft9HO3R+G9FtV\nrNzXEMIOqYjnME8GCCsGAQUFBwEBBEMwQTAcBggrBgEFBQcwAYYQaHR0cDovL28u\nc3MyLnVzLzAhBggrBgEFBQcwAoYVaHR0cDovL3guc3MyLnVzL3guY2VyMCYGA1Ud\nHwQfMB0wG6AZoBeGFWh0dHA6Ly9zLnNzMi51cy9yLmNybDARBgNVHSAECjAIMAYG\nBFUdIAAwDQYJKoZIhvcNAQELBQADggEBACMd44pXyn3pF3lM8R5V/cxTbj5HD9/G\nVfKyBDbtgB9TxF00KGu+x1X8Z+rLP3+QsjPNG1gQggL4+C/1E2DUBc7xgQjB3ad1\nl08YuW3e95ORCLp+QCztweq7dp4zBncdDQh/U90bZKuCJ/Fp1U1ervShw3WnWEQt\n8jxwmKy6abaVd38PMV4s/KCHOkdp8Hlf9BRUpJVeEXgSYCfOn8J3/yNTd126/+pZ\n59vPr5KW7ySaNRB6nJHGDn2Z9j8Z3/VyVOEVqQdZe4O/Ui5GjLIAZHYcSNPYeehu\nVsyuLAOQ1xk4meTKCRlb/weWsKh/NEnfVqn3sF/tM+2MR7cwA130A4w=\n-----END CERTIFICATE-----\n",
                "is_ca": true,
                "issuer": "OU=Starfield Class 2 Certification Authority,O=Starfield Technologies\\, Inc.,C=US",
                "not_after": "2034-06-28T17:39:16Z",
                "not_before": "2009-09-02T00:00:00Z",
                "public_key_algorithm": "RSA",
                "serial_number": "12037640545166866303",
                "sha1_fingerprint": "9e99a48a9960b14926bb7f3b02e22da2b0ab7280",
                "signature_algorithm": "SHA256-RSA",
                "subject": "CN=Starfield Services Root Certificate Authority - G2,O=Starfield Technologies\\, Inc.,L=Scottsdale,ST=Arizona,C=US",
                "version": 3
              },
              {
                "cert_pem": "-----BEGIN CERTIFICATE-----\nMIIEkjCCA3qgAwIBAgITBn+USionzfP6wq4rAfkI7rnExjANBgkqhkiG9w0BAQsF\nADCBmDELMAkGA1UEBhMCVVMxEDAOBgNVBAgTB0FyaXpvbmExEzARBgNVBAcTClNj\nb3R0c2RhbGUxJTAjBgNVBAoTHFN0YXJmaWVsZCBUZWNobm9sb2dpZXMsIEluYy4x\nOzA5BgNVBAMTMlN0YXJmaWVsZCBTZXJ2aWNlcyBSb290IENlcnRpZmljYXRlIEF1\ndGhvcml0eSAtIEcyMB4XDTE1MDUyNTEyMDAwMFoXDTM3MTIzMTAxMDAwMFowOTEL\nMAkGA1UEBhMCVVMxDzANBgNVBAoTBkFtYXpvbjEZMBcGA1UEAxMQQW1hem9uIFJv\nb3QgQ0EgMTCCASIwDQYJKoZIhvcNAQEBBQADggEPADCCAQoCggEBALJ4gHHKeNXj\nca9HgFB0fW7Y14h29Jlo91ghYPl0hAEvrAIthtOgQ3pOsqTQNroBvo3bSMgHFzZM\n9O6II8c+6zf1tRn4SWiw3te5djgdYZ6k/oI2peVKVuRF4fn9tBb6dNqcmzU5L/qw\nIFAGbHrQgLKm+a/sRxmPUDgH3KKHOVj4utWp+UhnMJbulHheb4mjUcAwhmahRWa6\nVOujw5H5SNz/0egwLX0tdHA114gk957EWW67c4cX8jJGKLhD+rcdqsq08p8kDi1L\n93FcXmn/6pUCyziKrlA4b9v7LWIbxcceVOF34GfID5yHI9Y/QCB/IIDEgEw+OyQm\njgSubJrIqg0CAwEAAaOCATEwggEtMA8GA1UdEwEB/wQFMAMBAf8wDgYDVR0PAQH/\nBAQDAgGGMB0GA1UdDgQWBBSEGMyFNOy8DJSULghZnMeyEE4KCDAfBgNVHSMEGDAW\ngBScXwDfqgHXMCs4iKK4bUqc8hGRgzB4BggrBgEFBQcBAQRsMGowLgYIKwYBBQUH\nMAGGImh0dHA6Ly9vY3NwLnJvb3RnMi5hbWF6b250cnVzdC5jb20wOAYIKwYBBQUH\nMAKGLGh0dHA6Ly9jcnQucm9vdGcyLmFtYXpvbnRydXN0LmNvbS9yb290ZzIuY2Vy\nMD0GA1UdHwQ2MDQwMqAwoC6GLGh0dHA6Ly9jcmwucm9vdGcyLmFtYXpvbnRydXN0\nLmNvbS9yb290ZzIuY3JsMBEGA1UdIAQKMAgwBgYEVR0gADANBgkqhkiG9w0BAQsF\nAAOCAQEAYjdCXLwQtT6LLOkMm2xF4gcAevnFWAu5CIw+7bMlPLVvUOTNNWqnkzSW\nMiGpSESrnO09tKpzbeR/FoCJbM8oAxiDR3mjEH4wW6w7sGDgd9QIpuEdfF7Au/ma\neyKdpwAJfqxGF4PcnCZXmTA5YpaP7dreqsXMGz7KQ2hsVxa81Q4gLv7/wmpdLqBK\nbRRYh5TmOTFffHPLkIhqhBGWJ6bt2YFGpn6jcgAKUj6DiAdjd4lpFw85hdKrCEVN\n0FE6/V1dN2RMfjCyVSRCnTawXZwXgWHxyvkQAiSr6w10kY17RSlQOYiypok1JR4U\nakcjMS9cmvqtmg5iUaQqqcT5NJ0hGA==\n-----END CERTIFICATE-----\n",
                "is_ca": true,
                "issuer": "CN=Starfield Services Root Certificate Authority - G2,O=Starfield Technologies\\, Inc.,L=Scottsdale,ST=Arizona,C=US",
                "not_after": "2037-12-31T01:00:00Z",
                "not_before": "2015-05-25T12:00:00Z",
                "public_key_algorithm": "RSA",
                "serial_number": "144918191876577076464031512351042010504348870",
                "sha1_fingerprint": "06b25927c42a721631c1efd9431e648fa62e1e39",
                "signature_algorithm": "SHA256-RSA",
                "subject": "CN=Amazon Root CA 1,O=Amazon,C=US",
                "version": 3
              },
              {
                "cert_pem": "-----BEGIN CERTIFICATE-----\nMIIEXjCCA0agAwIBAgITB3MSOAudZoijOx7Zv5zNpo4ODzANBgkqhkiG9w0BAQsF\nADA5MQswCQYDVQQGEwJVUzEPMA0GA1UEChMGQW1hem9uMRkwFwYDVQQDExBBbWF6\nb24gUm9vdCBDQSAxMB4XDTIyMDgyMzIyMjEyOFoXDTMwMDgyMzIyMjEyOFowPDEL\nMAkGA1UEBhMCVVMxDzANBgNVBAoTBkFtYXpvbjEcMBoGA1UEAxMTQW1hem9uIFJT\nQSAyMDQ4IE0wMTCCASIwDQYJKoZIhvcNAQEBBQADggEPADCCAQoCggEBAOtxLKnL\nH4gokjIwr4pXD3i3NyWVVYesZ1yX0yLI2qIUZ2t88Gfa4gMqs1YSXca1R/lnCKeT\nepWSGA+0+fkQNpp/L4C2T7oTTsddUx7g3ZYzByDTlrwS5HRQQqEFE3O1T5tEJP4t\nf+28IoXsNiEzl3UGzicYgtzj2cWCB41eJgEmJmcf2T8TzzK6a614ZPyq/w4CPAff\nnAV4coz96nW3AyiE2uhuB4zQUIXvgVSycW7sbWLvj5TDXunEpNCRwC4kkZjK7rol\njtT2cbb7W2s4Bkg3R42G3PLqBvt2N32e/0JOTViCk8/iccJ4sXqrS1uUN4iB5Nmv\nJK74csVl+0u0UecCAwEAAaOCAVowggFWMBIGA1UdEwEB/wQIMAYBAf8CAQAwDgYD\nVR0PAQH/BAQDAgGGMB0GA1UdJQQWMBQGCCsGAQUFBwMBBggrBgEFBQcDAjAdBgNV\nHQ4EFgQUgbgOY4qJEhjl+js7UJWf5uWQE4UwHwYDVR0jBBgwFoAUhBjMhTTsvAyU\nlC4IWZzHshBOCggwewYIKwYBBQUHAQEEbzBtMC8GCCsGAQUFBzABhiNodHRwOi8v\nb2NzcC5yb290Y2ExLmFtYXpvbnRydXN0LmNvbTA6BggrBgEFBQcwAoYuaHR0cDov\nL2NydC5yb290Y2ExLmFtYXpvbnRydXN0LmNvbS9yb290Y2ExLmNlcjA/BgNVHR8E\nODA2MDSgMqAwhi5odHRwOi8vY3JsLnJvb3RjYTEuYW1hem9udHJ1c3QuY29tL3Jv\nb3RjYTEuY3JsMBMGA1UdIAQMMAowCAYGZ4EMAQIBMA0GCSqGSIb3DQEBCwUAA4IB\nAQCtAN4CBSMuBjJitGuxlBbkEUDeK/pZwTXv4KqPK0G50fOHOQAd8j21p0cMBgbG\nkfMHVwLU7b0XwZCav0h1ogdPMN1KakK1DT0VwA/+hFvGPJnMV1Kx2G4S1ZaSk0uU\n5QfoiYIIano01J5k4T2HapKQmmOhS/iPtuo00wW+IMLeBuKMn3OLn005hcrOGTad\nhcmeyfhQP7Z+iKHvyoQGi1C0ClymHETx/chhQGDyYSWqB/THwnN15AwLQo0E5V9E\nSJlbe4mBlqeInUsNYugExNf+tOiybcrswBy8OFsd34XOW3rjSUtsuafd9AWySa3h\nxRRrwszrzX/WWGm6wyB+f7C4\n-----END CERTIFICATE-----\n",
                "is_ca": true,
                "issuer": "CN=Amazon Root CA 1,O=Amazon,C=US",
                "not_after": "2030-08-23T22:21:28Z",
                "not_before": "2022-08-23T22:21:28Z",
                "public_key_algorithm": "RSA",
                "serial_number": "166129328851546858514271303855646110030630415",
                "sha1_fingerprint": "2ad974a775f73cbdbbd8f5ac3a49255fa8fb1f8c",
                "signature_algorithm": "SHA256-RSA",
                "subject": "CN=Amazon RSA 2048 M01,O=Amazon,C=US",
                "version": 3
              },
              {
                "cert_pem": "-----BEGIN CERTIFICATE-----\nMIIF8zCCBNugAwIBAgIQBUiNwveUCnmlC+CXJXKZuTANBgkqhkiG9w0BAQsFADA8\nMQswCQYDVQQGEwJVUzEPMA0GA1UEChMGQW1hem9uMRwwGgYDVQQDExNBbWF6b24g\nUlNBIDIwNDggTTAxMB4XDTIzMDQxNDAwMDAwMFoXDTI0MDUxMjIzNTk1OVowMDEu\nMCwGA1UEAxMlb2lkYy5la3MuYXAtc291dGhlYXN0LTEuYW1hem9uYXdzLmNvbTCC\nASIwDQYJKoZIhvcNAQEBBQADggEPADCCAQoCggEBALI3th6s8nYdzj8ZXGeUwCmc\n3HIMzt6sdQILE2QZN1Vp5mwWDH9xaZpJIX0S4r6MKhnAv9pqATVo9lg6mRaCdaQB\nvhtOWKIBYmqahPZMBoQ+htP2JXCUoNhetzjxvLsQdi6916FwNF5vMqCeK92cLMke\nh0x84L9VCm5TWEHmHf5BaEt01+icBXoTHeTfAgTV2hBIjGA4t7Zc3sm0fRF7c4eU\nTnmkyt72CCSQmmZkDEJx3aswg7G2HARrwh5HyDRwIylDD7+G5J3qiZFqBm4xcoE7\nR7aBdapdL/gIbO7Dm4pAo/HlE4nx3dodqhnWZul4XVo0vAanIcHXUuMRMaMEc/8C\nAwEAAaOCAvswggL3MB8GA1UdIwQYMBaAFIG4DmOKiRIY5fo7O1CVn+blkBOFMB0G\nA1UdDgQWBBQAiDjtFl9j4Fma5DL6ghDiH/MjmjAwBgNVHREEKTAngiVvaWRjLmVr\ncy5hcC1zb3V0aGVhc3QtMS5hbWF6b25hd3MuY29tMA4GA1UdDwEB/wQEAwIFoDAd\nBgNVHSUEFjAUBggrBgEFBQcDAQYIKwYBBQUHAwIwOwYDVR0fBDQwMjAwoC6gLIYq\naHR0cDovL2NybC5yMm0wMS5hbWF6b250cnVzdC5jb20vcjJtMDEuY3JsMBMGA1Ud\nIAQMMAowCAYGZ4EMAQIBMHUGCCsGAQUFBwEBBGkwZzAtBggrBgEFBQcwAYYhaHR0\ncDovL29jc3AucjJtMDEuYW1hem9udHJ1c3QuY29tMDYGCCsGAQUFBzAChipodHRw\nOi8vY3J0LnIybTAxLmFtYXpvbnRydXN0LmNvbS9yMm0wMS5jZXIwDAYDVR0TAQH/\nBAIwADCCAXsGCisGAQQB1nkCBAIEggFrBIIBZwFlAHUA7s3QZNXbGs7FXLedtM0T\nojKHRny87N7DUUhZRnEftZsAAAGHfSj1tgAABAMARjBEAiANTpO6aKMSUawTgbBl\nofnz2eg16LUY0+9m25TV2rVnugIgfiU4mVoW3yhSnhqgL5ML2/PUNJYrd6T53fwD\n6rCB/RQAdQBIsONr2qZHNA/lagL6nTDrHFIBy1bdLIHZu7+rOdiEcwAAAYd9KPXh\nAAAEAwBGMEQCIBWyWi4JyNhclvzSEhGc7nyDtmJ1ssm/yWLErsxSb02MAiB+aTfL\n7qpBmjAOFCqKFo90NmW3o7qOBxi2e6V8tFV5PwB1ANq2v2s/tbYin5vCu1xr6HCR\ncWy7UYSFNL2kPTBI1/urAAABh30o9a4AAAQDAEYwRAIgCMdhQfTAEWmBiO4Uy8Kr\nleNO8Etw2CSLJ7UnCCQ9Cg8CIE0I15cgCihuPBjXfwwBLFuMO+lmw8hLjiJfrXcp\nISjPMA0GCSqGSIb3DQEBCwUAA4IBAQAHndyIE+QXE0GWW3kXuZDhX9kwn9uznQ64\nHn2Zxgq+86uUPWGfhAGju7z9cp3S8/LGEBMdqRwf+xV8xFGhhvT7kLysWIOQHLPU\n2XUUvpDnvco9+YZoLqebbR08oU5oTMi8PdqNuQqYp/Qz+kW04LkHbVDDQD40JJDd\nGWe1SQbXbRjTZKJbWvyZgbsoiQJytRt8fOXsEcdqRcySVa/dOag6sORidPKQwi55\nwzF2KhnCbNGs8OJPQP8QlWQS5EsfrxQ13S6b8u5CS0UqjA8ACTb7SCFSxyFuq2Z6\nrpjNHm+Mn5QJBpp5+m4y33L9Hui9GHklvyElKi7MJ9GQcOW1D2fS\n-----END CERTIFICATE-----\n",
                "is_ca": false,
                "issuer": "CN=Amazon RSA 2048 M01,O=Amazon,C=US",
                "not_after": "2024-05-12T23:59:59Z",
                "not_before": "2023-04-14T00:00:00Z",
                "public_key_algorithm": "RSA",
                "serial_number": "7022860619378497521373405636023458233",
                "sha1_fingerprint": "30e620af3b44d4a30c0a64d1ecb8713fab02ca9f",
                "signature_algorithm": "SHA256-RSA",
                "subject": "CN=oidc.eks.ap-southeast-1.amazonaws.com",
                "version": 3
              }
            ],
            "content": null,
            "id": "5f0630e8a1c4ee9bd3e7e715837e311bdbd1cd3d",
            "url": "https://oidc.eks.ap-southeast-1.amazonaws.com/id/916E3356A2C1EA351C48AD79D72AD524",
            "verify_chain": true
          },
          "sensitive_attributes": []
        }
      ]
    },
    {
      "module": "module.eks",
      "mode": "managed",
      "type": "aws_cloudwatch_log_group",
      "name": "this",
      "provider": "provider[\"registry.terraform.io/hashicorp/aws\"]",
      "instances": [
        {
          "index_key": 0,
          "schema_version": 0,
          "attributes": {
            "arn": "arn:aws:logs:ap-southeast-1:012276489912:log-group:/aws/eks/welend-cluster/cluster",
            "id": "/aws/eks/welend-cluster/cluster",
            "kms_key_id": "",
            "name": "/aws/eks/welend-cluster/cluster",
            "name_prefix": "",
            "retention_in_days": 90,
            "skip_destroy": false,
            "tags": {
              "Name": "/aws/eks/welend-cluster/cluster"
            },
            "tags_all": {
              "Name": "/aws/eks/welend-cluster/cluster"
            }
          },
          "sensitive_attributes": [],
          "private": "bnVsbA==",
          "create_before_destroy": true
        }
      ]
    },
    {
      "module": "module.eks",
      "mode": "managed",
      "type": "aws_eks_addon",
      "name": "this",
      "provider": "provider[\"registry.terraform.io/hashicorp/aws\"]",
      "instances": [
        {
          "index_key": "coredns",
          "schema_version": 0,
          "attributes": {
            "addon_name": "coredns",
            "addon_version": "v1.10.1-eksbuild.3",
            "arn": "arn:aws:eks:ap-southeast-1:012276489912:addon/welend-cluster/coredns/68c52159-3af9-19e7-6c7a-914c3899c1c4",
            "cluster_name": "welend-cluster",
            "configuration_values": "",
            "created_at": "2023-08-29T19:08:26Z",
            "id": "welend-cluster:coredns",
            "modified_at": "2023-08-29T19:09:13Z",
            "preserve": null,
            "resolve_conflicts": "OVERWRITE",
            "resolve_conflicts_on_create": null,
            "resolve_conflicts_on_update": null,
            "service_account_role_arn": "",
            "tags": {},
            "tags_all": {},
            "timeouts": {
              "create": null,
              "delete": null,
              "update": null
            }
          },
          "sensitive_attributes": [],
          "private": "eyJlMmJmYjczMC1lY2FhLTExZTYtOGY4OC0zNDM2M2JjN2M0YzAiOnsiY3JlYXRlIjoxMjAwMDAwMDAwMDAwLCJkZWxldGUiOjI0MDAwMDAwMDAwMDAsInVwZGF0ZSI6MTIwMDAwMDAwMDAwMH19",
          "dependencies": [
            "data.aws_availability_zones.available",
            "module.eks.aws_cloudwatch_log_group.this",
            "module.eks.aws_eks_cluster.this",
            "module.eks.aws_iam_policy.cni_ipv6_policy",
            "module.eks.aws_iam_role.this",
            "module.eks.aws_iam_role_policy_attachment.this",
            "module.eks.aws_security_group.cluster",
            "module.eks.aws_security_group.node",
            "module.eks.aws_security_group_rule.cluster",
            "module.eks.aws_security_group_rule.node",
            "module.eks.data.aws_caller_identity.current",
            "module.eks.data.aws_eks_addon_version.this",
            "module.eks.data.aws_iam_policy_document.assume_role_policy",
            "module.eks.data.aws_iam_policy_document.cni_ipv6_policy",
            "module.eks.data.aws_iam_session_context.current",
            "module.eks.data.aws_partition.current",
            "module.eks.module.eks_managed_node_group.aws_autoscaling_schedule.this",
            "module.eks.module.eks_managed_node_group.aws_eks_node_group.this",
            "module.eks.module.eks_managed_node_group.aws_iam_role.this",
            "module.eks.module.eks_managed_node_group.aws_iam_role_policy_attachment.additional",
            "module.eks.module.eks_managed_node_group.aws_iam_role_policy_attachment.this",
            "module.eks.module.eks_managed_node_group.aws_launch_template.this",
            "module.eks.module.eks_managed_node_group.data.aws_caller_identity.current",
            "module.eks.module.eks_managed_node_group.data.aws_iam_policy_document.assume_role_policy",
            "module.eks.module.eks_managed_node_group.data.aws_partition.current",
            "module.eks.module.eks_managed_node_group.module.user_data.data.cloudinit_config.linux_eks_managed_node_group",
            "module.eks.module.fargate_profile.aws_eks_fargate_profile.this",
            "module.eks.module.fargate_profile.aws_iam_role.this",
            "module.eks.module.fargate_profile.aws_iam_role_policy_attachment.additional",
            "module.eks.module.fargate_profile.aws_iam_role_policy_attachment.this",
            "module.eks.module.fargate_profile.data.aws_caller_identity.current",
            "module.eks.module.fargate_profile.data.aws_iam_policy_document.assume_role_policy",
            "module.eks.module.fargate_profile.data.aws_partition.current",
            "module.eks.module.kms.aws_kms_external_key.this",
            "module.eks.module.kms.aws_kms_key.this",
            "module.eks.module.kms.data.aws_caller_identity.current",
            "module.eks.module.kms.data.aws_iam_policy_document.this",
            "module.eks.module.kms.data.aws_partition.current",
            "module.eks.module.self_managed_node_group.aws_autoscaling_group.this",
            "module.eks.module.self_managed_node_group.aws_autoscaling_schedule.this",
            "module.eks.module.self_managed_node_group.aws_iam_instance_profile.this",
            "module.eks.module.self_managed_node_group.aws_iam_role.this",
            "module.eks.module.self_managed_node_group.aws_iam_role_policy_attachment.additional",
            "module.eks.module.self_managed_node_group.aws_iam_role_policy_attachment.this",
            "module.eks.module.self_managed_node_group.aws_launch_template.this",
            "module.eks.module.self_managed_node_group.data.aws_ami.eks_default",
            "module.eks.module.self_managed_node_group.data.aws_caller_identity.current",
            "module.eks.module.self_managed_node_group.data.aws_iam_policy_document.assume_role_policy",
            "module.eks.module.self_managed_node_group.data.aws_partition.current",
            "module.eks.module.self_managed_node_group.module.user_data.data.cloudinit_config.linux_eks_managed_node_group",
            "module.eks.time_sleep.this",
            "module.vpc.aws_subnet.private",
            "module.vpc.aws_subnet.public",
            "module.vpc.aws_vpc.this",
            "module.vpc.aws_vpc_ipv4_cidr_block_association.this"
          ]
        },
        {
          "index_key": "kube-proxy",
          "schema_version": 0,
          "attributes": {
            "addon_name": "kube-proxy",
            "addon_version": "v1.27.4-eksbuild.2",
            "arn": "arn:aws:eks:ap-southeast-1:012276489912:addon/welend-cluster/kube-proxy/eec52159-3aa2-7676-1a78-97cd562141a8",
            "cluster_name": "welend-cluster",
            "configuration_values": "",
            "created_at": "2023-08-29T19:08:26Z",
            "id": "welend-cluster:kube-proxy",
            "modified_at": "2023-08-29T19:09:06Z",
            "preserve": null,
            "resolve_conflicts": "OVERWRITE",
            "resolve_conflicts_on_create": null,
            "resolve_conflicts_on_update": null,
            "service_account_role_arn": "",
            "tags": {},
            "tags_all": {},
            "timeouts": {
              "create": null,
              "delete": null,
              "update": null
            }
          },
          "sensitive_attributes": [],
          "private": "eyJlMmJmYjczMC1lY2FhLTExZTYtOGY4OC0zNDM2M2JjN2M0YzAiOnsiY3JlYXRlIjoxMjAwMDAwMDAwMDAwLCJkZWxldGUiOjI0MDAwMDAwMDAwMDAsInVwZGF0ZSI6MTIwMDAwMDAwMDAwMH19",
          "dependencies": [
            "data.aws_availability_zones.available",
            "module.eks.aws_cloudwatch_log_group.this",
            "module.eks.aws_eks_cluster.this",
            "module.eks.aws_iam_policy.cni_ipv6_policy",
            "module.eks.aws_iam_role.this",
            "module.eks.aws_iam_role_policy_attachment.this",
            "module.eks.aws_security_group.cluster",
            "module.eks.aws_security_group.node",
            "module.eks.aws_security_group_rule.cluster",
            "module.eks.aws_security_group_rule.node",
            "module.eks.data.aws_caller_identity.current",
            "module.eks.data.aws_eks_addon_version.this",
            "module.eks.data.aws_iam_policy_document.assume_role_policy",
            "module.eks.data.aws_iam_policy_document.cni_ipv6_policy",
            "module.eks.data.aws_iam_session_context.current",
            "module.eks.data.aws_partition.current",
            "module.eks.module.eks_managed_node_group.aws_autoscaling_schedule.this",
            "module.eks.module.eks_managed_node_group.aws_eks_node_group.this",
            "module.eks.module.eks_managed_node_group.aws_iam_role.this",
            "module.eks.module.eks_managed_node_group.aws_iam_role_policy_attachment.additional",
            "module.eks.module.eks_managed_node_group.aws_iam_role_policy_attachment.this",
            "module.eks.module.eks_managed_node_group.aws_launch_template.this",
            "module.eks.module.eks_managed_node_group.data.aws_caller_identity.current",
            "module.eks.module.eks_managed_node_group.data.aws_iam_policy_document.assume_role_policy",
            "module.eks.module.eks_managed_node_group.data.aws_partition.current",
            "module.eks.module.eks_managed_node_group.module.user_data.data.cloudinit_config.linux_eks_managed_node_group",
            "module.eks.module.fargate_profile.aws_eks_fargate_profile.this",
            "module.eks.module.fargate_profile.aws_iam_role.this",
            "module.eks.module.fargate_profile.aws_iam_role_policy_attachment.additional",
            "module.eks.module.fargate_profile.aws_iam_role_policy_attachment.this",
            "module.eks.module.fargate_profile.data.aws_caller_identity.current",
            "module.eks.module.fargate_profile.data.aws_iam_policy_document.assume_role_policy",
            "module.eks.module.fargate_profile.data.aws_partition.current",
            "module.eks.module.kms.aws_kms_external_key.this",
            "module.eks.module.kms.aws_kms_key.this",
            "module.eks.module.kms.data.aws_caller_identity.current",
            "module.eks.module.kms.data.aws_iam_policy_document.this",
            "module.eks.module.kms.data.aws_partition.current",
            "module.eks.module.self_managed_node_group.aws_autoscaling_group.this",
            "module.eks.module.self_managed_node_group.aws_autoscaling_schedule.this",
            "module.eks.module.self_managed_node_group.aws_iam_instance_profile.this",
            "module.eks.module.self_managed_node_group.aws_iam_role.this",
            "module.eks.module.self_managed_node_group.aws_iam_role_policy_attachment.additional",
            "module.eks.module.self_managed_node_group.aws_iam_role_policy_attachment.this",
            "module.eks.module.self_managed_node_group.aws_launch_template.this",
            "module.eks.module.self_managed_node_group.data.aws_ami.eks_default",
            "module.eks.module.self_managed_node_group.data.aws_caller_identity.current",
            "module.eks.module.self_managed_node_group.data.aws_iam_policy_document.assume_role_policy",
            "module.eks.module.self_managed_node_group.data.aws_partition.current",
            "module.eks.module.self_managed_node_group.module.user_data.data.cloudinit_config.linux_eks_managed_node_group",
            "module.eks.time_sleep.this",
            "module.vpc.aws_subnet.private",
            "module.vpc.aws_subnet.public",
            "module.vpc.aws_vpc.this",
            "module.vpc.aws_vpc_ipv4_cidr_block_association.this"
          ]
        },
        {
          "index_key": "vpc-cni",
          "schema_version": 0,
          "attributes": {
            "addon_name": "vpc-cni",
            "addon_version": "v1.13.4-eksbuild.1",
            "arn": "arn:aws:eks:ap-southeast-1:012276489912:addon/welend-cluster/vpc-cni/f6c52159-3afb-4669-dbcf-963230982021",
            "cluster_name": "welend-cluster",
            "configuration_values": "",
            "created_at": "2023-08-29T19:08:26Z",
            "id": "welend-cluster:vpc-cni",
            "modified_at": "2023-08-29T19:09:07Z",
            "preserve": null,
            "resolve_conflicts": "OVERWRITE",
            "resolve_conflicts_on_create": null,
            "resolve_conflicts_on_update": null,
            "service_account_role_arn": "",
            "tags": {},
            "tags_all": {},
            "timeouts": {
              "create": null,
              "delete": null,
              "update": null
            }
          },
          "sensitive_attributes": [],
          "private": "eyJlMmJmYjczMC1lY2FhLTExZTYtOGY4OC0zNDM2M2JjN2M0YzAiOnsiY3JlYXRlIjoxMjAwMDAwMDAwMDAwLCJkZWxldGUiOjI0MDAwMDAwMDAwMDAsInVwZGF0ZSI6MTIwMDAwMDAwMDAwMH19",
          "dependencies": [
            "data.aws_availability_zones.available",
            "module.eks.aws_cloudwatch_log_group.this",
            "module.eks.aws_eks_cluster.this",
            "module.eks.aws_iam_policy.cni_ipv6_policy",
            "module.eks.aws_iam_role.this",
            "module.eks.aws_iam_role_policy_attachment.this",
            "module.eks.aws_security_group.cluster",
            "module.eks.aws_security_group.node",
            "module.eks.aws_security_group_rule.cluster",
            "module.eks.aws_security_group_rule.node",
            "module.eks.data.aws_caller_identity.current",
            "module.eks.data.aws_eks_addon_version.this",
            "module.eks.data.aws_iam_policy_document.assume_role_policy",
            "module.eks.data.aws_iam_policy_document.cni_ipv6_policy",
            "module.eks.data.aws_iam_session_context.current",
            "module.eks.data.aws_partition.current",
            "module.eks.module.eks_managed_node_group.aws_autoscaling_schedule.this",
            "module.eks.module.eks_managed_node_group.aws_eks_node_group.this",
            "module.eks.module.eks_managed_node_group.aws_iam_role.this",
            "module.eks.module.eks_managed_node_group.aws_iam_role_policy_attachment.additional",
            "module.eks.module.eks_managed_node_group.aws_iam_role_policy_attachment.this",
            "module.eks.module.eks_managed_node_group.aws_launch_template.this",
            "module.eks.module.eks_managed_node_group.data.aws_caller_identity.current",
            "module.eks.module.eks_managed_node_group.data.aws_iam_policy_document.assume_role_policy",
            "module.eks.module.eks_managed_node_group.data.aws_partition.current",
            "module.eks.module.eks_managed_node_group.module.user_data.data.cloudinit_config.linux_eks_managed_node_group",
            "module.eks.module.fargate_profile.aws_eks_fargate_profile.this",
            "module.eks.module.fargate_profile.aws_iam_role.this",
            "module.eks.module.fargate_profile.aws_iam_role_policy_attachment.additional",
            "module.eks.module.fargate_profile.aws_iam_role_policy_attachment.this",
            "module.eks.module.fargate_profile.data.aws_caller_identity.current",
            "module.eks.module.fargate_profile.data.aws_iam_policy_document.assume_role_policy",
            "module.eks.module.fargate_profile.data.aws_partition.current",
            "module.eks.module.kms.aws_kms_external_key.this",
            "module.eks.module.kms.aws_kms_key.this",
            "module.eks.module.kms.data.aws_caller_identity.current",
            "module.eks.module.kms.data.aws_iam_policy_document.this",
            "module.eks.module.kms.data.aws_partition.current",
            "module.eks.module.self_managed_node_group.aws_autoscaling_group.this",
            "module.eks.module.self_managed_node_group.aws_autoscaling_schedule.this",
            "module.eks.module.self_managed_node_group.aws_iam_instance_profile.this",
            "module.eks.module.self_managed_node_group.aws_iam_role.this",
            "module.eks.module.self_managed_node_group.aws_iam_role_policy_attachment.additional",
            "module.eks.module.self_managed_node_group.aws_iam_role_policy_attachment.this",
            "module.eks.module.self_managed_node_group.aws_launch_template.this",
            "module.eks.module.self_managed_node_group.data.aws_ami.eks_default",
            "module.eks.module.self_managed_node_group.data.aws_caller_identity.current",
            "module.eks.module.self_managed_node_group.data.aws_iam_policy_document.assume_role_policy",
            "module.eks.module.self_managed_node_group.data.aws_partition.current",
            "module.eks.module.self_managed_node_group.module.user_data.data.cloudinit_config.linux_eks_managed_node_group",
            "module.eks.time_sleep.this",
            "module.vpc.aws_subnet.private",
            "module.vpc.aws_subnet.public",
            "module.vpc.aws_vpc.this",
            "module.vpc.aws_vpc_ipv4_cidr_block_association.this"
          ]
        }
      ]
    },
    {
      "module": "module.eks",
      "mode": "managed",
      "type": "aws_eks_cluster",
      "name": "this",
      "provider": "provider[\"registry.terraform.io/hashicorp/aws\"]",
      "instances": [
        {
          "index_key": 0,
          "schema_version": 0,
          "attributes": {
            "arn": "arn:aws:eks:ap-southeast-1:012276489912:cluster/welend-cluster",
            "certificate_authority": [
              {
                "data": "LS0tLS1CRUdJTiBDRVJUSUZJQ0FURS0tLS0tCk1JSURCVENDQWUyZ0F3SUJBZ0lJYjdrbk5HQ25VbWd3RFFZSktvWklodmNOQVFFTEJRQXdGVEVUTUJFR0ExVUUKQXhNS2EzVmlaWEp1WlhSbGN6QWVGdzB5TXpBNE1qa3hPRFU1TlROYUZ3MHpNekE0TWpZeE9EVTVOVE5hTUJVeApFekFSQmdOVkJBTVRDbXQxWW1WeWJtVjBaWE13Z2dFaU1BMEdDU3FHU0liM0RRRUJBUVVBQTRJQkR3QXdnZ0VLCkFvSUJBUUN1cHlNK09jRmJucHd5UEtpc1NjR3UwbHJnVVBOTmtSeTlCRnlXRE8wNU9EUGxQcXA2TDdvcURCWFgKcGo1RnA0aExiVnkwTlhLZUgwdjR6TGhsQVdsNXppam1nSzMrblZhNkI1RXdNa1RUTWcwd20yN0Z0RDRVN0NWdQp1dmdJY21LazNOMGx4b2NXMklIUlB4U0JoKzk5eFFvSW5UbGFpbm1xczE3azErZk1CTmxBVWVUdzJLUW9VR3hiCmM0YW5GTjBFTmFIL1pVS0hLZjIrL2kwOW5BakszS2R5RmFtTGdQVE9vTG1NSFNrU0FEQWtCK3NicmlPTVRQSkUKa2d3VXh5Vk9QQTlsaU0weEFyZDNKZG5DNzdSOUEvMHQ2OERzUXVVUmdBRjVYK25rUzBSL3UvZkdXUDJqNGgrUApIOERNTm4vWTdTVlk5clFyQjJOUkJ4dFBOelByQWdNQkFBR2pXVEJYTUE0R0ExVWREd0VCL3dRRUF3SUNwREFQCkJnTlZIUk1CQWY4RUJUQURBUUgvTUIwR0ExVWREZ1FXQkJRNmFBR1ViZjJMMWhBNmttaFJpTEJSN3hvRU1qQVYKQmdOVkhSRUVEakFNZ2dwcmRXSmxjbTVsZEdWek1BMEdDU3FHU0liM0RRRUJDd1VBQTRJQkFRQ1lzTU95SHZSaQpXVXBnc0YwcktxYUxmSjc5alNsT0F1UVo3SkNYTUcvNjBBSVNpUi84anFhQjFKVXc2RGFuckZyNVRyUkRiUG8yCklkMFh2am5PdGk1aForU3EwcUJiK21kRDc4UzZpUmQyNzlJYjFIRHo1Kzc5QWlRYkVTTk1IWlNFekpENHRHdE4KTDhNVkFaMGwwSWNSQmVabWZqVVpyamF2TmpIeHlnU0JiVHVqanJSaytYUS9CYUdmbHdHZ09JNTlpVHgvR1IzegpwOVBrTDhuRy9DQ0hUdVE5MmtIKy80dzduOThFMXhCeDFET0xac0s2dVpwZ3hBVHpKOCtuWUtVYWoxWTNFaVdjCm9Ndk5wb2tiOFQ4d0k0aGRheTFKTkVQRGZyVUQ5NCt3NXk3Q1J5T2pjL0paL1NWUGd1RWlmcE1BZTkxUjFkY2UKTFFRTGgybnVJdDVrCi0tLS0tRU5EIENFUlRJRklDQVRFLS0tLS0K"
              }
            ],
            "cluster_id": null,
            "created_at": "2023-08-29 18:55:31.037 +0000 UTC",
            "enabled_cluster_log_types": [
              "api",
              "audit",
              "authenticator"
            ],
            "encryption_config": [
              {
                "provider": [
                  {
                    "key_arn": "arn:aws:kms:ap-southeast-1:012276489912:key/67a80fd4-9d8e-4c8b-80cf-e3f28be71910"
                  }
                ],
                "resources": [
                  "secrets"
                ]
              }
            ],
            "endpoint": "https://916E3356A2C1EA351C48AD79D72AD524.gr7.ap-southeast-1.eks.amazonaws.com",
            "id": "welend-cluster",
            "identity": [
              {
                "oidc": [
                  {
                    "issuer": "https://oidc.eks.ap-southeast-1.amazonaws.com/id/916E3356A2C1EA351C48AD79D72AD524"
                  }
                ]
              }
            ],
            "kubernetes_network_config": [
              {
                "ip_family": "ipv4",
                "service_ipv4_cidr": "172.20.0.0/16",
                "service_ipv6_cidr": ""
              }
            ],
            "name": "welend-cluster",
            "outpost_config": [],
            "platform_version": "eks.5",
            "role_arn": "arn:aws:iam::012276489912:role/welend-cluster-cluster-20230829134920080900000001",
            "status": "ACTIVE",
            "tags": {},
            "tags_all": {},
            "timeouts": {
              "create": null,
              "delete": null,
              "update": null
            },
            "version": "1.27",
            "vpc_config": [
              {
                "cluster_security_group_id": "sg-0227309be8c54c319",
                "endpoint_private_access": true,
                "endpoint_public_access": true,
                "public_access_cidrs": [
                  "0.0.0.0/0"
                ],
                "security_group_ids": [
                  "sg-01e3ecd5f0963f7f2"
                ],
                "subnet_ids": [
                  "subnet-0378b01cab359495d",
                  "subnet-048db8c45e4d1ba6d",
                  "subnet-08208ba889abb3b3e",
                  "subnet-0874acad3bfbc6a56",
                  "subnet-0d3b8a6ea5d6beb60",
                  "subnet-0d98c36e83f29040a"
                ],
                "vpc_id": "vpc-07db40c88b8ac068a"
              }
            ]
          },
          "sensitive_attributes": [],
          "private": "eyJlMmJmYjczMC1lY2FhLTExZTYtOGY4OC0zNDM2M2JjN2M0YzAiOnsiY3JlYXRlIjoxODAwMDAwMDAwMDAwLCJkZWxldGUiOjkwMDAwMDAwMDAwMCwidXBkYXRlIjozNjAwMDAwMDAwMDAwfX0=",
          "dependencies": [
            "data.aws_availability_zones.available",
            "module.eks.aws_cloudwatch_log_group.this",
            "module.eks.aws_iam_policy.cni_ipv6_policy",
            "module.eks.aws_iam_role.this",
            "module.eks.aws_iam_role_policy_attachment.this",
            "module.eks.aws_security_group.cluster",
            "module.eks.aws_security_group.node",
            "module.eks.aws_security_group_rule.cluster",
            "module.eks.aws_security_group_rule.node",
            "module.eks.data.aws_caller_identity.current",
            "module.eks.data.aws_iam_policy_document.assume_role_policy",
            "module.eks.data.aws_iam_policy_document.cni_ipv6_policy",
            "module.eks.data.aws_iam_session_context.current",
            "module.eks.data.aws_partition.current",
            "module.eks.module.kms.aws_kms_external_key.this",
            "module.eks.module.kms.aws_kms_key.this",
            "module.eks.module.kms.data.aws_caller_identity.current",
            "module.eks.module.kms.data.aws_iam_policy_document.this",
            "module.eks.module.kms.data.aws_partition.current",
            "module.vpc.aws_subnet.private",
            "module.vpc.aws_subnet.public",
            "module.vpc.aws_vpc.this",
            "module.vpc.aws_vpc_ipv4_cidr_block_association.this"
          ],
          "create_before_destroy": true
        }
      ]
    },
    {
      "module": "module.eks",
      "mode": "managed",
      "type": "aws_iam_openid_connect_provider",
      "name": "oidc_provider",
      "provider": "provider[\"registry.terraform.io/hashicorp/aws\"]",
      "instances": [
        {
          "index_key": 0,
          "schema_version": 0,
          "attributes": {
            "arn": "arn:aws:iam::012276489912:oidc-provider/oidc.eks.ap-southeast-1.amazonaws.com/id/916E3356A2C1EA351C48AD79D72AD524",
            "client_id_list": [
              "sts.amazonaws.com"
            ],
            "id": "arn:aws:iam::012276489912:oidc-provider/oidc.eks.ap-southeast-1.amazonaws.com/id/916E3356A2C1EA351C48AD79D72AD524",
            "tags": {
              "Name": "welend-cluster-eks-irsa"
            },
            "tags_all": {
              "Name": "welend-cluster-eks-irsa"
            },
            "thumbprint_list": [
              "9e99a48a9960b14926bb7f3b02e22da2b0ab7280",
              "06b25927c42a721631c1efd9431e648fa62e1e39",
              "2ad974a775f73cbdbbd8f5ac3a49255fa8fb1f8c",
              "30e620af3b44d4a30c0a64d1ecb8713fab02ca9f"
            ],
            "url": "oidc.eks.ap-southeast-1.amazonaws.com/id/916E3356A2C1EA351C48AD79D72AD524"
          },
          "sensitive_attributes": [],
          "private": "bnVsbA==",
          "dependencies": [
            "data.aws_availability_zones.available",
            "module.eks.aws_cloudwatch_log_group.this",
            "module.eks.aws_eks_cluster.this",
            "module.eks.aws_iam_policy.cni_ipv6_policy",
            "module.eks.aws_iam_role.this",
            "module.eks.aws_iam_role_policy_attachment.this",
            "module.eks.aws_security_group.cluster",
            "module.eks.aws_security_group.node",
            "module.eks.aws_security_group_rule.cluster",
            "module.eks.aws_security_group_rule.node",
            "module.eks.data.aws_caller_identity.current",
            "module.eks.data.aws_iam_policy_document.assume_role_policy",
            "module.eks.data.aws_iam_policy_document.cni_ipv6_policy",
            "module.eks.data.aws_iam_session_context.current",
            "module.eks.data.aws_partition.current",
            "module.eks.data.tls_certificate.this",
            "module.eks.module.kms.aws_kms_external_key.this",
            "module.eks.module.kms.aws_kms_key.this",
            "module.eks.module.kms.data.aws_caller_identity.current",
            "module.eks.module.kms.data.aws_iam_policy_document.this",
            "module.eks.module.kms.data.aws_partition.current",
            "module.vpc.aws_subnet.private",
            "module.vpc.aws_subnet.public",
            "module.vpc.aws_vpc.this",
            "module.vpc.aws_vpc_ipv4_cidr_block_association.this"
          ]
        }
      ]
    },
    {
      "module": "module.eks",
      "mode": "managed",
      "type": "aws_iam_policy",
      "name": "cluster_encryption",
      "provider": "provider[\"registry.terraform.io/hashicorp/aws\"]",
      "instances": [
        {
          "index_key": 0,
          "schema_version": 0,
          "attributes": {
            "arn": "arn:aws:iam::012276489912:policy/welend-cluster-cluster-ClusterEncryption2023082913493935740000000b",
            "description": "Cluster encryption policy to allow cluster role to utilize CMK provided",
            "id": "arn:aws:iam::012276489912:policy/welend-cluster-cluster-ClusterEncryption2023082913493935740000000b",
            "name": "welend-cluster-cluster-ClusterEncryption2023082913493935740000000b",
            "name_prefix": "welend-cluster-cluster-ClusterEncryption",
            "path": "/",
            "policy": "{\"Statement\":[{\"Action\":[\"kms:Encrypt\",\"kms:Decrypt\",\"kms:ListGrants\",\"kms:DescribeKey\"],\"Effect\":\"Allow\",\"Resource\":\"arn:aws:kms:ap-southeast-1:012276489912:key/67a80fd4-9d8e-4c8b-80cf-e3f28be71910\"}],\"Version\":\"2012-10-17\"}",
            "policy_id": "ANPAQFW54L24BAOY4VG5G",
            "tags": {},
            "tags_all": {}
          },
          "sensitive_attributes": [],
          "private": "bnVsbA==",
          "dependencies": [
            "module.eks.aws_iam_role.this",
            "module.eks.data.aws_caller_identity.current",
            "module.eks.data.aws_iam_policy_document.assume_role_policy",
            "module.eks.data.aws_iam_session_context.current",
            "module.eks.data.aws_partition.current",
            "module.eks.module.kms.aws_kms_external_key.this",
            "module.eks.module.kms.aws_kms_key.this",
            "module.eks.module.kms.data.aws_caller_identity.current",
            "module.eks.module.kms.data.aws_iam_policy_document.this",
            "module.eks.module.kms.data.aws_partition.current"
          ]
        }
      ]
    },
    {
      "module": "module.eks",
      "mode": "managed",
      "type": "aws_iam_role",
      "name": "this",
      "provider": "provider[\"registry.terraform.io/hashicorp/aws\"]",
      "instances": [
        {
          "index_key": 0,
          "schema_version": 0,
          "attributes": {
            "arn": "arn:aws:iam::012276489912:role/welend-cluster-cluster-20230829134920080900000001",
            "assume_role_policy": "{\"Statement\":[{\"Action\":\"sts:AssumeRole\",\"Effect\":\"Allow\",\"Principal\":{\"Service\":\"eks.amazonaws.com\"},\"Sid\":\"EKSClusterAssumeRole\"}],\"Version\":\"2012-10-17\"}",
            "create_date": "2023-08-29T13:49:20Z",
            "description": "",
            "force_detach_policies": true,
            "id": "welend-cluster-cluster-20230829134920080900000001",
            "inline_policy": [
              {
                "name": "welend-cluster-cluster",
                "policy": "{\"Version\":\"2012-10-17\",\"Statement\":[{\"Action\":[\"logs:CreateLogGroup\"],\"Effect\":\"Deny\",\"Resource\":\"*\"}]}"
              }
            ],
            "managed_policy_arns": [
              "arn:aws:iam::012276489912:policy/welend-cluster-cluster-ClusterEncryption2023082913493935740000000b",
              "arn:aws:iam::aws:policy/AmazonEKSClusterPolicy",
              "arn:aws:iam::aws:policy/AmazonEKSVPCResourceController"
            ],
            "max_session_duration": 3600,
            "name": "welend-cluster-cluster-20230829134920080900000001",
            "name_prefix": "welend-cluster-cluster-",
            "path": "/",
            "permissions_boundary": null,
            "tags": {},
            "tags_all": {},
            "unique_id": "AROAQFW54L24LPSGW7BKE"
          },
          "sensitive_attributes": [],
          "private": "bnVsbA==",
          "dependencies": [
            "module.eks.data.aws_iam_policy_document.assume_role_policy",
            "module.eks.data.aws_partition.current"
          ],
          "create_before_destroy": true
        }
      ]
    },
    {
      "module": "module.eks",
      "mode": "managed",
      "type": "aws_iam_role_policy_attachment",
      "name": "cluster_encryption",
      "provider": "provider[\"registry.terraform.io/hashicorp/aws\"]",
      "instances": [
        {
          "index_key": 0,
          "schema_version": 0,
          "attributes": {
            "id": "welend-cluster-cluster-20230829134920080900000001-20230829163233187100000003",
            "policy_arn": "arn:aws:iam::012276489912:policy/welend-cluster-cluster-ClusterEncryption2023082913493935740000000b",
            "role": "welend-cluster-cluster-20230829134920080900000001"
          },
          "sensitive_attributes": [],
          "private": "bnVsbA==",
          "dependencies": [
            "module.eks.aws_iam_policy.cluster_encryption",
            "module.eks.aws_iam_role.this",
            "module.eks.data.aws_caller_identity.current",
            "module.eks.data.aws_iam_policy_document.assume_role_policy",
            "module.eks.data.aws_iam_session_context.current",
            "module.eks.data.aws_partition.current",
            "module.eks.module.kms.aws_kms_external_key.this",
            "module.eks.module.kms.aws_kms_key.this",
            "module.eks.module.kms.data.aws_caller_identity.current",
            "module.eks.module.kms.data.aws_iam_policy_document.this",
            "module.eks.module.kms.data.aws_partition.current"
          ]
        }
      ]
    },
    {
      "module": "module.eks",
      "mode": "managed",
      "type": "aws_iam_role_policy_attachment",
      "name": "this",
      "provider": "provider[\"registry.terraform.io/hashicorp/aws\"]",
      "instances": [
        {
          "index_key": "AmazonEKSClusterPolicy",
          "schema_version": 0,
          "attributes": {
            "id": "welend-cluster-cluster-20230829134920080900000001-20230829163233233400000004",
            "policy_arn": "arn:aws:iam::aws:policy/AmazonEKSClusterPolicy",
            "role": "welend-cluster-cluster-20230829134920080900000001"
          },
          "sensitive_attributes": [],
          "private": "bnVsbA==",
          "dependencies": [
            "module.eks.aws_iam_role.this",
            "module.eks.data.aws_iam_policy_document.assume_role_policy",
            "module.eks.data.aws_partition.current"
          ],
          "create_before_destroy": true
        },
        {
          "index_key": "AmazonEKSVPCResourceController",
          "schema_version": 0,
          "attributes": {
            "id": "welend-cluster-cluster-20230829134920080900000001-20230829163233164400000002",
            "policy_arn": "arn:aws:iam::aws:policy/AmazonEKSVPCResourceController",
            "role": "welend-cluster-cluster-20230829134920080900000001"
          },
          "sensitive_attributes": [],
          "private": "bnVsbA==",
          "dependencies": [
            "module.eks.aws_iam_role.this",
            "module.eks.data.aws_iam_policy_document.assume_role_policy",
            "module.eks.data.aws_partition.current"
          ],
          "create_before_destroy": true
        }
      ]
    },
    {
      "module": "module.eks",
      "mode": "managed",
      "type": "aws_security_group",
      "name": "cluster",
      "provider": "provider[\"registry.terraform.io/hashicorp/aws\"]",
      "instances": [
        {
          "index_key": 0,
          "schema_version": 1,
          "attributes": {
            "arn": "arn:aws:ec2:ap-southeast-1:012276489912:security-group/sg-01e3ecd5f0963f7f2",
            "description": "EKS cluster security group",
            "egress": [],
            "id": "sg-01e3ecd5f0963f7f2",
            "ingress": [
              {
                "cidr_blocks": [],
                "description": "Node groups to cluster API",
                "from_port": 443,
                "ipv6_cidr_blocks": [],
                "prefix_list_ids": [],
                "protocol": "tcp",
                "security_groups": [
                  "sg-08da391266d59321c"
                ],
                "self": false,
                "to_port": 443
              }
            ],
            "name": "welend-cluster-cluster-20230829163244451300000008",
            "name_prefix": "welend-cluster-cluster-",
            "owner_id": "012276489912",
            "revoke_rules_on_delete": false,
            "tags": {
              "Name": "welend-cluster-cluster"
            },
            "tags_all": {
              "Name": "welend-cluster-cluster"
            },
            "timeouts": null,
            "vpc_id": "vpc-07db40c88b8ac068a"
          },
          "sensitive_attributes": [],
          "private": "eyJlMmJmYjczMC1lY2FhLTExZTYtOGY4OC0zNDM2M2JjN2M0YzAiOnsiY3JlYXRlIjo2MDAwMDAwMDAwMDAsImRlbGV0ZSI6OTAwMDAwMDAwMDAwfSwic2NoZW1hX3ZlcnNpb24iOiIxIn0=",
          "dependencies": [
            "module.vpc.aws_vpc.this"
          ],
          "create_before_destroy": true
        }
      ]
    },
    {
      "module": "module.eks",
      "mode": "managed",
      "type": "aws_security_group",
      "name": "node",
      "provider": "provider[\"registry.terraform.io/hashicorp/aws\"]",
      "instances": [
        {
          "index_key": 0,
          "schema_version": 1,
          "attributes": {
            "arn": "arn:aws:ec2:ap-southeast-1:012276489912:security-group/sg-08da391266d59321c",
            "description": "EKS node shared security group",
            "egress": [
              {
                "cidr_blocks": [
                  "0.0.0.0/0"
                ],
                "description": "Allow all egress",
                "from_port": 0,
                "ipv6_cidr_blocks": [],
                "prefix_list_ids": [],
                "protocol": "-1",
                "security_groups": [],
                "self": false,
                "to_port": 0
              }
            ],
            "id": "sg-08da391266d59321c",
            "ingress": [
              {
                "cidr_blocks": [],
                "description": "Cluster API to node 4443/tcp webhook",
                "from_port": 4443,
                "ipv6_cidr_blocks": [],
                "prefix_list_ids": [],
                "protocol": "tcp",
                "security_groups": [
                  "sg-01e3ecd5f0963f7f2"
                ],
                "self": false,
                "to_port": 4443
              },
              {
                "cidr_blocks": [],
                "description": "Cluster API to node 6443/tcp webhook",
                "from_port": 6443,
                "ipv6_cidr_blocks": [],
                "prefix_list_ids": [],
                "protocol": "tcp",
                "security_groups": [
                  "sg-01e3ecd5f0963f7f2"
                ],
                "self": false,
                "to_port": 6443
              },
              {
                "cidr_blocks": [],
                "description": "Cluster API to node 8443/tcp webhook",
                "from_port": 8443,
                "ipv6_cidr_blocks": [],
                "prefix_list_ids": [],
                "protocol": "tcp",
                "security_groups": [
                  "sg-01e3ecd5f0963f7f2"
                ],
                "self": false,
                "to_port": 8443
              },
              {
                "cidr_blocks": [],
                "description": "Cluster API to node 9443/tcp webhook",
                "from_port": 9443,
                "ipv6_cidr_blocks": [],
                "prefix_list_ids": [],
                "protocol": "tcp",
                "security_groups": [
                  "sg-01e3ecd5f0963f7f2"
                ],
                "self": false,
                "to_port": 9443
              },
              {
                "cidr_blocks": [],
                "description": "Cluster API to node groups",
                "from_port": 443,
                "ipv6_cidr_blocks": [],
                "prefix_list_ids": [],
                "protocol": "tcp",
                "security_groups": [
                  "sg-01e3ecd5f0963f7f2"
                ],
                "self": false,
                "to_port": 443
              },
              {
                "cidr_blocks": [],
                "description": "Cluster API to node kubelets",
                "from_port": 10250,
                "ipv6_cidr_blocks": [],
                "prefix_list_ids": [],
                "protocol": "tcp",
                "security_groups": [
                  "sg-01e3ecd5f0963f7f2"
                ],
                "self": false,
                "to_port": 10250
              },
              {
                "cidr_blocks": [],
                "description": "Node to node CoreDNS UDP",
                "from_port": 53,
                "ipv6_cidr_blocks": [],
                "prefix_list_ids": [],
                "protocol": "udp",
                "security_groups": [],
                "self": true,
                "to_port": 53
              },
              {
                "cidr_blocks": [],
                "description": "Node to node CoreDNS",
                "from_port": 53,
                "ipv6_cidr_blocks": [],
                "prefix_list_ids": [],
                "protocol": "tcp",
                "security_groups": [],
                "self": true,
                "to_port": 53
              },
              {
                "cidr_blocks": [],
                "description": "Node to node ingress on ephemeral ports",
                "from_port": 1025,
                "ipv6_cidr_blocks": [],
                "prefix_list_ids": [],
                "protocol": "tcp",
                "security_groups": [],
                "self": true,
                "to_port": 65535
              }
            ],
            "name": "welend-cluster-node-20230829163244451300000009",
            "name_prefix": "welend-cluster-node-",
            "owner_id": "012276489912",
            "revoke_rules_on_delete": false,
            "tags": {
              "Name": "welend-cluster-node",
              "kubernetes.io/cluster/welend-cluster": "owned"
            },
            "tags_all": {
              "Name": "welend-cluster-node",
              "kubernetes.io/cluster/welend-cluster": "owned"
            },
            "timeouts": null,
            "vpc_id": "vpc-07db40c88b8ac068a"
          },
          "sensitive_attributes": [],
          "private": "eyJlMmJmYjczMC1lY2FhLTExZTYtOGY4OC0zNDM2M2JjN2M0YzAiOnsiY3JlYXRlIjo2MDAwMDAwMDAwMDAsImRlbGV0ZSI6OTAwMDAwMDAwMDAwfSwic2NoZW1hX3ZlcnNpb24iOiIxIn0=",
          "dependencies": [
            "module.vpc.aws_vpc.this"
          ],
          "create_before_destroy": true
        }
      ]
    },
    {
      "module": "module.eks",
      "mode": "managed",
      "type": "aws_security_group_rule",
      "name": "cluster",
      "provider": "provider[\"registry.terraform.io/hashicorp/aws\"]",
      "instances": [
        {
          "index_key": "ingress_nodes_443",
          "schema_version": 2,
          "attributes": {
            "cidr_blocks": null,
            "description": "Node groups to cluster API",
            "from_port": 443,
            "id": "sgrule-2717659988",
            "ipv6_cidr_blocks": null,
            "prefix_list_ids": null,
            "protocol": "tcp",
            "security_group_id": "sg-01e3ecd5f0963f7f2",
            "security_group_rule_id": "sgr-001b08f640321e844",
            "self": false,
            "source_security_group_id": "sg-08da391266d59321c",
            "timeouts": null,
            "to_port": 443,
            "type": "ingress"
          },
          "sensitive_attributes": [],
          "private": "eyJlMmJmYjczMC1lY2FhLTExZTYtOGY4OC0zNDM2M2JjN2M0YzAiOnsiY3JlYXRlIjozMDAwMDAwMDAwMDB9LCJzY2hlbWFfdmVyc2lvbiI6IjIifQ==",
          "dependencies": [
            "module.eks.aws_security_group.cluster",
            "module.eks.aws_security_group.node",
            "module.vpc.aws_vpc.this"
          ],
          "create_before_destroy": true
        }
      ]
    },
    {
      "module": "module.eks",
      "mode": "managed",
      "type": "aws_security_group_rule",
      "name": "node",
      "provider": "provider[\"registry.terraform.io/hashicorp/aws\"]",
      "instances": [
        {
          "index_key": "egress_all",
          "schema_version": 2,
          "attributes": {
            "cidr_blocks": [
              "0.0.0.0/0"
            ],
            "description": "Allow all egress",
            "from_port": 0,
            "id": "sgrule-500605947",
            "ipv6_cidr_blocks": null,
            "prefix_list_ids": [],
            "protocol": "-1",
            "security_group_id": "sg-08da391266d59321c",
            "security_group_rule_id": "sgr-03da2144104ed5f27",
            "self": false,
            "source_security_group_id": null,
            "timeouts": null,
            "to_port": 0,
            "type": "egress"
          },
          "sensitive_attributes": [],
          "private": "eyJlMmJmYjczMC1lY2FhLTExZTYtOGY4OC0zNDM2M2JjN2M0YzAiOnsiY3JlYXRlIjozMDAwMDAwMDAwMDB9LCJzY2hlbWFfdmVyc2lvbiI6IjIifQ==",
          "dependencies": [
            "module.eks.aws_security_group.cluster",
            "module.eks.aws_security_group.node",
            "module.vpc.aws_vpc.this"
          ],
          "create_before_destroy": true
        },
        {
          "index_key": "ingress_cluster_443",
          "schema_version": 2,
          "attributes": {
            "cidr_blocks": null,
            "description": "Cluster API to node groups",
            "from_port": 443,
            "id": "sgrule-63049777",
            "ipv6_cidr_blocks": null,
            "prefix_list_ids": [],
            "protocol": "tcp",
            "security_group_id": "sg-08da391266d59321c",
            "security_group_rule_id": "sgr-0cbe13af0bb73e383",
            "self": false,
            "source_security_group_id": "sg-01e3ecd5f0963f7f2",
            "timeouts": null,
            "to_port": 443,
            "type": "ingress"
          },
          "sensitive_attributes": [],
          "private": "eyJlMmJmYjczMC1lY2FhLTExZTYtOGY4OC0zNDM2M2JjN2M0YzAiOnsiY3JlYXRlIjozMDAwMDAwMDAwMDB9LCJzY2hlbWFfdmVyc2lvbiI6IjIifQ==",
          "dependencies": [
            "module.eks.aws_security_group.cluster",
            "module.eks.aws_security_group.node",
            "module.vpc.aws_vpc.this"
          ],
          "create_before_destroy": true
        },
        {
          "index_key": "ingress_cluster_4443_webhook",
          "schema_version": 2,
          "attributes": {
            "cidr_blocks": null,
            "description": "Cluster API to node 4443/tcp webhook",
            "from_port": 4443,
            "id": "sgrule-265657488",
            "ipv6_cidr_blocks": null,
            "prefix_list_ids": [],
            "protocol": "tcp",
            "security_group_id": "sg-08da391266d59321c",
            "security_group_rule_id": "sgr-09c75d638dbe23018",
            "self": false,
            "source_security_group_id": "sg-01e3ecd5f0963f7f2",
            "timeouts": null,
            "to_port": 4443,
            "type": "ingress"
          },
          "sensitive_attributes": [],
          "private": "eyJlMmJmYjczMC1lY2FhLTExZTYtOGY4OC0zNDM2M2JjN2M0YzAiOnsiY3JlYXRlIjozMDAwMDAwMDAwMDB9LCJzY2hlbWFfdmVyc2lvbiI6IjIifQ==",
          "dependencies": [
            "module.eks.aws_security_group.cluster",
            "module.eks.aws_security_group.node",
            "module.vpc.aws_vpc.this"
          ],
          "create_before_destroy": true
        },
        {
          "index_key": "ingress_cluster_6443_webhook",
          "schema_version": 2,
          "attributes": {
            "cidr_blocks": null,
            "description": "Cluster API to node 6443/tcp webhook",
            "from_port": 6443,
            "id": "sgrule-3331848966",
            "ipv6_cidr_blocks": null,
            "prefix_list_ids": [],
            "protocol": "tcp",
            "security_group_id": "sg-08da391266d59321c",
            "security_group_rule_id": "sgr-0d02f947dcb8eaf07",
            "self": false,
            "source_security_group_id": "sg-01e3ecd5f0963f7f2",
            "timeouts": null,
            "to_port": 6443,
            "type": "ingress"
          },
          "sensitive_attributes": [],
          "private": "eyJlMmJmYjczMC1lY2FhLTExZTYtOGY4OC0zNDM2M2JjN2M0YzAiOnsiY3JlYXRlIjozMDAwMDAwMDAwMDB9LCJzY2hlbWFfdmVyc2lvbiI6IjIifQ==",
          "dependencies": [
            "module.eks.aws_security_group.cluster",
            "module.eks.aws_security_group.node",
            "module.vpc.aws_vpc.this"
          ],
          "create_before_destroy": true
        },
        {
          "index_key": "ingress_cluster_8443_webhook",
          "schema_version": 2,
          "attributes": {
            "cidr_blocks": null,
            "description": "Cluster API to node 8443/tcp webhook",
            "from_port": 8443,
            "id": "sgrule-3586901799",
            "ipv6_cidr_blocks": null,
            "prefix_list_ids": [],
            "protocol": "tcp",
            "security_group_id": "sg-08da391266d59321c",
            "security_group_rule_id": "sgr-00265a312ec544e33",
            "self": false,
            "source_security_group_id": "sg-01e3ecd5f0963f7f2",
            "timeouts": null,
            "to_port": 8443,
            "type": "ingress"
          },
          "sensitive_attributes": [],
          "private": "eyJlMmJmYjczMC1lY2FhLTExZTYtOGY4OC0zNDM2M2JjN2M0YzAiOnsiY3JlYXRlIjozMDAwMDAwMDAwMDB9LCJzY2hlbWFfdmVyc2lvbiI6IjIifQ==",
          "dependencies": [
            "module.eks.aws_security_group.cluster",
            "module.eks.aws_security_group.node",
            "module.vpc.aws_vpc.this"
          ],
          "create_before_destroy": true
        },
        {
          "index_key": "ingress_cluster_9443_webhook",
          "schema_version": 2,
          "attributes": {
            "cidr_blocks": null,
            "description": "Cluster API to node 9443/tcp webhook",
            "from_port": 9443,
            "id": "sgrule-2976576748",
            "ipv6_cidr_blocks": null,
            "prefix_list_ids": [],
            "protocol": "tcp",
            "security_group_id": "sg-08da391266d59321c",
            "security_group_rule_id": "sgr-08090109834bd1b2d",
            "self": false,
            "source_security_group_id": "sg-01e3ecd5f0963f7f2",
            "timeouts": null,
            "to_port": 9443,
            "type": "ingress"
          },
          "sensitive_attributes": [],
          "private": "eyJlMmJmYjczMC1lY2FhLTExZTYtOGY4OC0zNDM2M2JjN2M0YzAiOnsiY3JlYXRlIjozMDAwMDAwMDAwMDB9LCJzY2hlbWFfdmVyc2lvbiI6IjIifQ==",
          "dependencies": [
            "module.eks.aws_security_group.cluster",
            "module.eks.aws_security_group.node",
            "module.vpc.aws_vpc.this"
          ],
          "create_before_destroy": true
        },
        {
          "index_key": "ingress_cluster_kubelet",
          "schema_version": 2,
          "attributes": {
            "cidr_blocks": null,
            "description": "Cluster API to node kubelets",
            "from_port": 10250,
            "id": "sgrule-3886089642",
            "ipv6_cidr_blocks": null,
            "prefix_list_ids": [],
            "protocol": "tcp",
            "security_group_id": "sg-08da391266d59321c",
            "security_group_rule_id": "sgr-066591a662c24ff15",
            "self": false,
            "source_security_group_id": "sg-01e3ecd5f0963f7f2",
            "timeouts": null,
            "to_port": 10250,
            "type": "ingress"
          },
          "sensitive_attributes": [],
          "private": "eyJlMmJmYjczMC1lY2FhLTExZTYtOGY4OC0zNDM2M2JjN2M0YzAiOnsiY3JlYXRlIjozMDAwMDAwMDAwMDB9LCJzY2hlbWFfdmVyc2lvbiI6IjIifQ==",
          "dependencies": [
            "module.eks.aws_security_group.cluster",
            "module.eks.aws_security_group.node",
            "module.vpc.aws_vpc.this"
          ],
          "create_before_destroy": true
        },
        {
          "index_key": "ingress_nodes_ephemeral",
          "schema_version": 2,
          "attributes": {
            "cidr_blocks": null,
            "description": "Node to node ingress on ephemeral ports",
            "from_port": 1025,
            "id": "sgrule-375582471",
            "ipv6_cidr_blocks": null,
            "prefix_list_ids": [],
            "protocol": "tcp",
            "security_group_id": "sg-08da391266d59321c",
            "security_group_rule_id": "sgr-0220333c4dcb3cf1c",
            "self": true,
            "source_security_group_id": null,
            "timeouts": null,
            "to_port": 65535,
            "type": "ingress"
          },
          "sensitive_attributes": [],
          "private": "eyJlMmJmYjczMC1lY2FhLTExZTYtOGY4OC0zNDM2M2JjN2M0YzAiOnsiY3JlYXRlIjozMDAwMDAwMDAwMDB9LCJzY2hlbWFfdmVyc2lvbiI6IjIifQ==",
          "dependencies": [
            "module.eks.aws_security_group.cluster",
            "module.eks.aws_security_group.node",
            "module.vpc.aws_vpc.this"
          ],
          "create_before_destroy": true
        },
        {
          "index_key": "ingress_self_coredns_tcp",
          "schema_version": 2,
          "attributes": {
            "cidr_blocks": null,
            "description": "Node to node CoreDNS",
            "from_port": 53,
            "id": "sgrule-2800517022",
            "ipv6_cidr_blocks": null,
            "prefix_list_ids": [],
            "protocol": "tcp",
            "security_group_id": "sg-08da391266d59321c",
            "security_group_rule_id": "sgr-058ba95ef7e8144cc",
            "self": true,
            "source_security_group_id": null,
            "timeouts": null,
            "to_port": 53,
            "type": "ingress"
          },
          "sensitive_attributes": [],
          "private": "eyJlMmJmYjczMC1lY2FhLTExZTYtOGY4OC0zNDM2M2JjN2M0YzAiOnsiY3JlYXRlIjozMDAwMDAwMDAwMDB9LCJzY2hlbWFfdmVyc2lvbiI6IjIifQ==",
          "dependencies": [
            "module.eks.aws_security_group.cluster",
            "module.eks.aws_security_group.node",
            "module.vpc.aws_vpc.this"
          ],
          "create_before_destroy": true
        },
        {
          "index_key": "ingress_self_coredns_udp",
          "schema_version": 2,
          "attributes": {
            "cidr_blocks": null,
            "description": "Node to node CoreDNS UDP",
            "from_port": 53,
            "id": "sgrule-45341809",
            "ipv6_cidr_blocks": null,
            "prefix_list_ids": [],
            "protocol": "udp",
            "security_group_id": "sg-08da391266d59321c",
            "security_group_rule_id": "sgr-00c34b2d257d1507e",
            "self": true,
            "source_security_group_id": null,
            "timeouts": null,
            "to_port": 53,
            "type": "ingress"
          },
          "sensitive_attributes": [],
          "private": "eyJlMmJmYjczMC1lY2FhLTExZTYtOGY4OC0zNDM2M2JjN2M0YzAiOnsiY3JlYXRlIjozMDAwMDAwMDAwMDB9LCJzY2hlbWFfdmVyc2lvbiI6IjIifQ==",
          "dependencies": [
            "module.eks.aws_security_group.cluster",
            "module.eks.aws_security_group.node",
            "module.vpc.aws_vpc.this"
          ],
          "create_before_destroy": true
        }
      ]
    },
    {
      "module": "module.eks",
      "mode": "managed",
      "type": "time_sleep",
      "name": "this",
      "provider": "provider[\"registry.terraform.io/hashicorp/time\"]",
      "instances": [
        {
          "index_key": 0,
          "schema_version": 0,
          "attributes": {
            "create_duration": "30s",
            "destroy_duration": null,
            "id": "2023-08-29T19:05:13Z",
            "triggers": {
              "cluster_certificate_authority_data": "LS0tLS1CRUdJTiBDRVJUSUZJQ0FURS0tLS0tCk1JSURCVENDQWUyZ0F3SUJBZ0lJYjdrbk5HQ25VbWd3RFFZSktvWklodmNOQVFFTEJRQXdGVEVUTUJFR0ExVUUKQXhNS2EzVmlaWEp1WlhSbGN6QWVGdzB5TXpBNE1qa3hPRFU1TlROYUZ3MHpNekE0TWpZeE9EVTVOVE5hTUJVeApFekFSQmdOVkJBTVRDbXQxWW1WeWJtVjBaWE13Z2dFaU1BMEdDU3FHU0liM0RRRUJBUVVBQTRJQkR3QXdnZ0VLCkFvSUJBUUN1cHlNK09jRmJucHd5UEtpc1NjR3UwbHJnVVBOTmtSeTlCRnlXRE8wNU9EUGxQcXA2TDdvcURCWFgKcGo1RnA0aExiVnkwTlhLZUgwdjR6TGhsQVdsNXppam1nSzMrblZhNkI1RXdNa1RUTWcwd20yN0Z0RDRVN0NWdQp1dmdJY21LazNOMGx4b2NXMklIUlB4U0JoKzk5eFFvSW5UbGFpbm1xczE3azErZk1CTmxBVWVUdzJLUW9VR3hiCmM0YW5GTjBFTmFIL1pVS0hLZjIrL2kwOW5BakszS2R5RmFtTGdQVE9vTG1NSFNrU0FEQWtCK3NicmlPTVRQSkUKa2d3VXh5Vk9QQTlsaU0weEFyZDNKZG5DNzdSOUEvMHQ2OERzUXVVUmdBRjVYK25rUzBSL3UvZkdXUDJqNGgrUApIOERNTm4vWTdTVlk5clFyQjJOUkJ4dFBOelByQWdNQkFBR2pXVEJYTUE0R0ExVWREd0VCL3dRRUF3SUNwREFQCkJnTlZIUk1CQWY4RUJUQURBUUgvTUIwR0ExVWREZ1FXQkJRNmFBR1ViZjJMMWhBNmttaFJpTEJSN3hvRU1qQVYKQmdOVkhSRUVEakFNZ2dwcmRXSmxjbTVsZEdWek1BMEdDU3FHU0liM0RRRUJDd1VBQTRJQkFRQ1lzTU95SHZSaQpXVXBnc0YwcktxYUxmSjc5alNsT0F1UVo3SkNYTUcvNjBBSVNpUi84anFhQjFKVXc2RGFuckZyNVRyUkRiUG8yCklkMFh2am5PdGk1aForU3EwcUJiK21kRDc4UzZpUmQyNzlJYjFIRHo1Kzc5QWlRYkVTTk1IWlNFekpENHRHdE4KTDhNVkFaMGwwSWNSQmVabWZqVVpyamF2TmpIeHlnU0JiVHVqanJSaytYUS9CYUdmbHdHZ09JNTlpVHgvR1IzegpwOVBrTDhuRy9DQ0hUdVE5MmtIKy80dzduOThFMXhCeDFET0xac0s2dVpwZ3hBVHpKOCtuWUtVYWoxWTNFaVdjCm9Ndk5wb2tiOFQ4d0k0aGRheTFKTkVQRGZyVUQ5NCt3NXk3Q1J5T2pjL0paL1NWUGd1RWlmcE1BZTkxUjFkY2UKTFFRTGgybnVJdDVrCi0tLS0tRU5EIENFUlRJRklDQVRFLS0tLS0K",
              "cluster_endpoint": "https://916E3356A2C1EA351C48AD79D72AD524.gr7.ap-southeast-1.eks.amazonaws.com",
              "cluster_name": "welend-cluster",
              "cluster_version": "1.27"
            }
          },
          "sensitive_attributes": [],
          "dependencies": [
            "data.aws_availability_zones.available",
            "module.eks.aws_cloudwatch_log_group.this",
            "module.eks.aws_eks_cluster.this",
            "module.eks.aws_iam_policy.cni_ipv6_policy",
            "module.eks.aws_iam_role.this",
            "module.eks.aws_iam_role_policy_attachment.this",
            "module.eks.aws_security_group.cluster",
            "module.eks.aws_security_group.node",
            "module.eks.aws_security_group_rule.cluster",
            "module.eks.aws_security_group_rule.node",
            "module.eks.data.aws_caller_identity.current",
            "module.eks.data.aws_iam_policy_document.assume_role_policy",
            "module.eks.data.aws_iam_policy_document.cni_ipv6_policy",
            "module.eks.data.aws_iam_session_context.current",
            "module.eks.data.aws_partition.current",
            "module.eks.module.kms.aws_kms_external_key.this",
            "module.eks.module.kms.aws_kms_key.this",
            "module.eks.module.kms.data.aws_caller_identity.current",
            "module.eks.module.kms.data.aws_iam_policy_document.this",
            "module.eks.module.kms.data.aws_partition.current",
            "module.vpc.aws_subnet.private",
            "module.vpc.aws_subnet.public",
            "module.vpc.aws_vpc.this",
            "module.vpc.aws_vpc_ipv4_cidr_block_association.this"
          ],
          "create_before_destroy": true
        }
      ]
    },
    {
      "module": "module.eks.module.eks_managed_node_group[\"main\"]",
      "mode": "data",
      "type": "aws_caller_identity",
      "name": "current",
      "provider": "provider[\"registry.terraform.io/hashicorp/aws\"]",
      "instances": [
        {
          "schema_version": 0,
          "attributes": {
            "account_id": "012276489912",
            "arn": "arn:aws:iam::012276489912:user/terrafrom",
            "id": "012276489912",
            "user_id": "AIDAQFW54L24KDF6IK42P"
          },
          "sensitive_attributes": []
        }
      ]
    },
    {
      "module": "module.eks.module.eks_managed_node_group[\"main\"]",
      "mode": "data",
      "type": "aws_iam_policy_document",
      "name": "assume_role_policy",
      "provider": "provider[\"registry.terraform.io/hashicorp/aws\"]",
      "instances": [
        {
          "index_key": 0,
          "schema_version": 0,
          "attributes": {
            "id": "2560088296",
            "json": "{\n  \"Version\": \"2012-10-17\",\n  \"Statement\": [\n    {\n      \"Sid\": \"EKSNodeAssumeRole\",\n      \"Effect\": \"Allow\",\n      \"Action\": \"sts:AssumeRole\",\n      \"Principal\": {\n        \"Service\": \"ec2.amazonaws.com\"\n      }\n    }\n  ]\n}",
            "override_policy_documents": null,
            "policy_id": null,
            "source_policy_documents": null,
            "statement": [
              {
                "actions": [
                  "sts:AssumeRole"
                ],
                "condition": [],
                "effect": "Allow",
                "not_actions": [],
                "not_principals": [],
                "not_resources": [],
                "principals": [
                  {
                    "identifiers": [
                      "ec2.amazonaws.com"
                    ],
                    "type": "Service"
                  }
                ],
                "resources": [],
                "sid": "EKSNodeAssumeRole"
              }
            ],
            "version": "2012-10-17"
          },
          "sensitive_attributes": []
        }
      ]
    },
    {
      "module": "module.eks.module.eks_managed_node_group[\"main\"]",
      "mode": "data",
      "type": "aws_partition",
      "name": "current",
      "provider": "provider[\"registry.terraform.io/hashicorp/aws\"]",
      "instances": [
        {
          "schema_version": 0,
          "attributes": {
            "dns_suffix": "amazonaws.com",
            "id": "aws",
            "partition": "aws",
            "reverse_dns_prefix": "com.amazonaws"
          },
          "sensitive_attributes": []
        }
      ]
    },
    {
      "module": "module.eks.module.eks_managed_node_group[\"main\"]",
      "mode": "managed",
      "type": "aws_eks_node_group",
      "name": "this",
      "provider": "provider[\"registry.terraform.io/hashicorp/aws\"]",
      "instances": [
        {
          "index_key": 0,
          "schema_version": 0,
          "attributes": {
            "ami_type": "AL2_x86_64",
            "arn": "arn:aws:eks:ap-southeast-1:012276489912:nodegroup/welend-cluster/main-node-group-20230829190644839600000001/2ec52158-74b0-6e6f-71fb-664e00ef6fae",
            "capacity_type": "ON_DEMAND",
            "cluster_name": "welend-cluster",
            "disk_size": 0,
            "force_update_version": null,
            "id": "welend-cluster:main-node-group-20230829190644839600000001",
            "instance_types": [
              "t3.small"
            ],
            "labels": {},
            "launch_template": [
              {
                "id": "lt-0483cbcf6521cbda6",
                "name": "main-2023082916410304520000000b",
                "version": "1"
              }
            ],
            "node_group_name": "main-node-group-20230829190644839600000001",
            "node_group_name_prefix": "main-node-group-",
            "node_role_arn": "arn:aws:iam::012276489912:role/main-node-group-eks-node-group-20230829163232129500000001",
            "release_version": "1.27.3-20230816",
            "remote_access": [],
            "resources": [
              {
                "autoscaling_groups": [
                  {
                    "name": "eks-main-node-group-20230829190644839600000001-2ec52158-74b0-6e6f-71fb-664e00ef6fae"
                  }
                ],
                "remote_access_security_group_id": ""
              }
            ],
            "scaling_config": [
              {
                "desired_size": 1,
                "max_size": 3,
                "min_size": 1
              }
            ],
            "status": "ACTIVE",
            "subnet_ids": [
              "subnet-0378b01cab359495d",
              "subnet-048db8c45e4d1ba6d",
              "subnet-08208ba889abb3b3e",
              "subnet-0874acad3bfbc6a56",
              "subnet-0d3b8a6ea5d6beb60",
              "subnet-0d98c36e83f29040a"
            ],
            "tags": {
              "Name": "main-node-group"
            },
            "tags_all": {
              "Name": "main-node-group"
            },
            "taint": [],
            "timeouts": {
              "create": null,
              "delete": null,
              "update": null
            },
            "update_config": [
              {
                "max_unavailable": 0,
                "max_unavailable_percentage": 33
              }
            ],
            "version": "1.27"
          },
          "sensitive_attributes": [],
          "private": "eyJlMmJmYjczMC1lY2FhLTExZTYtOGY4OC0zNDM2M2JjN2M0YzAiOnsiY3JlYXRlIjozNjAwMDAwMDAwMDAwLCJkZWxldGUiOjM2MDAwMDAwMDAwMDAsInVwZGF0ZSI6MzYwMDAwMDAwMDAwMH19",
          "dependencies": [
            "data.aws_availability_zones.available",
            "module.eks.aws_cloudwatch_log_group.this",
            "module.eks.aws_eks_cluster.this",
            "module.eks.aws_iam_policy.cni_ipv6_policy",
            "module.eks.aws_iam_role.this",
            "module.eks.aws_iam_role_policy_attachment.this",
            "module.eks.aws_security_group.cluster",
            "module.eks.aws_security_group.node",
            "module.eks.aws_security_group_rule.cluster",
            "module.eks.aws_security_group_rule.node",
            "module.eks.data.aws_caller_identity.current",
            "module.eks.data.aws_iam_policy_document.assume_role_policy",
            "module.eks.data.aws_iam_policy_document.cni_ipv6_policy",
            "module.eks.data.aws_iam_session_context.current",
            "module.eks.data.aws_partition.current",
            "module.eks.module.eks_managed_node_group.aws_iam_role.this",
            "module.eks.module.eks_managed_node_group.aws_iam_role_policy_attachment.this",
            "module.eks.module.eks_managed_node_group.aws_launch_template.this",
            "module.eks.module.eks_managed_node_group.data.aws_caller_identity.current",
            "module.eks.module.eks_managed_node_group.data.aws_iam_policy_document.assume_role_policy",
            "module.eks.module.eks_managed_node_group.data.aws_partition.current",
            "module.eks.module.eks_managed_node_group.module.user_data.data.cloudinit_config.linux_eks_managed_node_group",
            "module.eks.module.kms.aws_kms_external_key.this",
            "module.eks.module.kms.aws_kms_key.this",
            "module.eks.module.kms.data.aws_caller_identity.current",
            "module.eks.module.kms.data.aws_iam_policy_document.this",
            "module.eks.module.kms.data.aws_partition.current",
            "module.eks.time_sleep.this",
            "module.vpc.aws_subnet.private",
            "module.vpc.aws_subnet.public",
            "module.vpc.aws_vpc.this",
            "module.vpc.aws_vpc_ipv4_cidr_block_association.this"
          ],
          "create_before_destroy": true
        }
      ]
    },
    {
      "module": "module.eks.module.eks_managed_node_group[\"main\"]",
      "mode": "managed",
      "type": "aws_iam_role",
      "name": "this",
      "provider": "provider[\"registry.terraform.io/hashicorp/aws\"]",
      "instances": [
        {
          "index_key": 0,
          "schema_version": 0,
          "attributes": {
            "arn": "arn:aws:iam::012276489912:role/main-node-group-eks-node-group-20230829163232129500000001",
            "assume_role_policy": "{\"Statement\":[{\"Action\":\"sts:AssumeRole\",\"Effect\":\"Allow\",\"Principal\":{\"Service\":\"ec2.amazonaws.com\"},\"Sid\":\"EKSNodeAssumeRole\"}],\"Version\":\"2012-10-17\"}",
            "create_date": "2023-08-29T16:32:32Z",
            "description": "EKS managed node group IAM role",
            "force_detach_policies": true,
            "id": "main-node-group-eks-node-group-20230829163232129500000001",
            "inline_policy": [],
            "managed_policy_arns": [
              "arn:aws:iam::aws:policy/AmazonEC2ContainerRegistryReadOnly",
              "arn:aws:iam::aws:policy/AmazonEKSWorkerNodePolicy",
              "arn:aws:iam::aws:policy/AmazonEKS_CNI_Policy"
            ],
            "max_session_duration": 3600,
            "name": "main-node-group-eks-node-group-20230829163232129500000001",
            "name_prefix": "main-node-group-eks-node-group-",
            "path": "/",
            "permissions_boundary": null,
            "tags": {},
            "tags_all": {},
            "unique_id": "AROAQFW54L24EPIC5NADC"
          },
          "sensitive_attributes": [],
          "private": "bnVsbA==",
          "dependencies": [
            "module.eks.module.eks_managed_node_group.data.aws_iam_policy_document.assume_role_policy",
            "module.eks.module.eks_managed_node_group.data.aws_partition.current"
          ],
          "create_before_destroy": true
        }
      ]
    },
    {
      "module": "module.eks.module.eks_managed_node_group[\"main\"]",
      "mode": "managed",
      "type": "aws_iam_role_policy_attachment",
      "name": "this",
      "provider": "provider[\"registry.terraform.io/hashicorp/aws\"]",
      "instances": [
        {
          "index_key": "arn:aws:iam::aws:policy/AmazonEC2ContainerRegistryReadOnly",
          "schema_version": 0,
          "attributes": {
            "id": "main-node-group-eks-node-group-20230829163232129500000001-20230829163234958700000007",
            "policy_arn": "arn:aws:iam::aws:policy/AmazonEC2ContainerRegistryReadOnly",
            "role": "main-node-group-eks-node-group-20230829163232129500000001"
          },
          "sensitive_attributes": [],
          "private": "bnVsbA==",
          "dependencies": [
            "module.eks.module.eks_managed_node_group.aws_iam_role.this",
            "module.eks.module.eks_managed_node_group.data.aws_caller_identity.current",
            "module.eks.module.eks_managed_node_group.data.aws_iam_policy_document.assume_role_policy",
            "module.eks.module.eks_managed_node_group.data.aws_partition.current"
          ],
          "create_before_destroy": true
        },
        {
          "index_key": "arn:aws:iam::aws:policy/AmazonEKSWorkerNodePolicy",
          "schema_version": 0,
          "attributes": {
            "id": "main-node-group-eks-node-group-20230829163232129500000001-20230829163234413300000005",
            "policy_arn": "arn:aws:iam::aws:policy/AmazonEKSWorkerNodePolicy",
            "role": "main-node-group-eks-node-group-20230829163232129500000001"
          },
          "sensitive_attributes": [],
          "private": "bnVsbA==",
          "dependencies": [
            "module.eks.module.eks_managed_node_group.aws_iam_role.this",
            "module.eks.module.eks_managed_node_group.data.aws_caller_identity.current",
            "module.eks.module.eks_managed_node_group.data.aws_iam_policy_document.assume_role_policy",
            "module.eks.module.eks_managed_node_group.data.aws_partition.current"
          ],
          "create_before_destroy": true
        },
        {
          "index_key": "arn:aws:iam::aws:policy/AmazonEKS_CNI_Policy",
          "schema_version": 0,
          "attributes": {
            "id": "main-node-group-eks-node-group-20230829163232129500000001-20230829163234538600000006",
            "policy_arn": "arn:aws:iam::aws:policy/AmazonEKS_CNI_Policy",
            "role": "main-node-group-eks-node-group-20230829163232129500000001"
          },
          "sensitive_attributes": [],
          "private": "bnVsbA==",
          "dependencies": [
            "module.eks.module.eks_managed_node_group.aws_iam_role.this",
            "module.eks.module.eks_managed_node_group.data.aws_caller_identity.current",
            "module.eks.module.eks_managed_node_group.data.aws_iam_policy_document.assume_role_policy",
            "module.eks.module.eks_managed_node_group.data.aws_partition.current"
          ],
          "create_before_destroy": true
        }
      ]
    },
    {
      "module": "module.eks.module.eks_managed_node_group[\"main\"]",
      "mode": "managed",
      "type": "aws_launch_template",
      "name": "this",
      "provider": "provider[\"registry.terraform.io/hashicorp/aws\"]",
      "instances": [
        {
          "index_key": 0,
          "schema_version": 0,
          "attributes": {
            "arn": "arn:aws:ec2:ap-southeast-1:012276489912:launch-template/lt-0483cbcf6521cbda6",
            "block_device_mappings": [],
            "capacity_reservation_specification": [],
            "cpu_options": [],
            "credit_specification": [],
            "default_version": 1,
            "description": "Custom launch template for main-node-group EKS managed node group",
            "disable_api_stop": false,
            "disable_api_termination": false,
            "ebs_optimized": "",
            "elastic_gpu_specifications": [],
            "elastic_inference_accelerator": [],
            "enclave_options": [],
            "hibernation_options": [],
            "iam_instance_profile": [],
            "id": "lt-0483cbcf6521cbda6",
            "image_id": "",
            "instance_initiated_shutdown_behavior": "",
            "instance_market_options": [],
            "instance_requirements": [],
            "instance_type": "",
            "kernel_id": "",
            "key_name": "",
            "latest_version": 1,
            "license_specification": [],
            "maintenance_options": [],
            "metadata_options": [
              {
                "http_endpoint": "enabled",
                "http_protocol_ipv6": "",
                "http_put_response_hop_limit": 2,
                "http_tokens": "required",
                "instance_metadata_tags": ""
              }
            ],
            "monitoring": [
              {
                "enabled": true
              }
            ],
            "name": "main-2023082916410304520000000b",
            "name_prefix": "main-",
            "network_interfaces": [],
            "placement": [],
            "private_dns_name_options": [],
            "ram_disk_id": "",
            "security_group_names": [],
            "tag_specifications": [
              {
                "resource_type": "instance",
                "tags": {
                  "Name": "main-node-group"
                }
              },
              {
                "resource_type": "network-interface",
                "tags": {
                  "Name": "main-node-group"
                }
              },
              {
                "resource_type": "volume",
                "tags": {
                  "Name": "main-node-group"
                }
              }
            ],
            "tags": {},
            "tags_all": {},
            "update_default_version": true,
            "user_data": "",
            "vpc_security_group_ids": [
              "sg-08da391266d59321c"
            ]
          },
          "sensitive_attributes": [],
          "private": "bnVsbA==",
          "dependencies": [
            "data.aws_availability_zones.available",
            "module.eks.aws_cloudwatch_log_group.this",
            "module.eks.aws_eks_cluster.this",
            "module.eks.aws_iam_policy.cni_ipv6_policy",
            "module.eks.aws_iam_role.this",
            "module.eks.aws_iam_role_policy_attachment.this",
            "module.eks.aws_security_group.cluster",
            "module.eks.aws_security_group.node",
            "module.eks.aws_security_group_rule.cluster",
            "module.eks.aws_security_group_rule.node",
            "module.eks.data.aws_caller_identity.current",
            "module.eks.data.aws_iam_policy_document.assume_role_policy",
            "module.eks.data.aws_iam_policy_document.cni_ipv6_policy",
            "module.eks.data.aws_iam_session_context.current",
            "module.eks.data.aws_partition.current",
            "module.eks.module.eks_managed_node_group.aws_iam_role.this",
            "module.eks.module.eks_managed_node_group.aws_iam_role_policy_attachment.this",
            "module.eks.module.eks_managed_node_group.data.aws_caller_identity.current",
            "module.eks.module.eks_managed_node_group.data.aws_iam_policy_document.assume_role_policy",
            "module.eks.module.eks_managed_node_group.data.aws_partition.current",
            "module.eks.module.eks_managed_node_group.module.user_data.data.cloudinit_config.linux_eks_managed_node_group",
            "module.eks.module.kms.aws_kms_external_key.this",
            "module.eks.module.kms.aws_kms_key.this",
            "module.eks.module.kms.data.aws_caller_identity.current",
            "module.eks.module.kms.data.aws_iam_policy_document.this",
            "module.eks.module.kms.data.aws_partition.current",
            "module.eks.time_sleep.this",
            "module.vpc.aws_subnet.private",
            "module.vpc.aws_subnet.public",
            "module.vpc.aws_vpc.this",
            "module.vpc.aws_vpc_ipv4_cidr_block_association.this"
          ],
          "create_before_destroy": true
        }
      ]
    },
    {
      "module": "module.eks.module.kms",
      "mode": "data",
      "type": "aws_caller_identity",
      "name": "current",
      "provider": "provider[\"registry.terraform.io/hashicorp/aws\"]",
      "instances": [
        {
          "schema_version": 0,
          "attributes": {
            "account_id": "012276489912",
            "arn": "arn:aws:iam::012276489912:user/terrafrom",
            "id": "012276489912",
            "user_id": "AIDAQFW54L24KDF6IK42P"
          },
          "sensitive_attributes": []
        }
      ]
    },
    {
      "module": "module.eks.module.kms",
      "mode": "data",
      "type": "aws_iam_policy_document",
      "name": "this",
      "provider": "provider[\"registry.terraform.io/hashicorp/aws\"]",
      "instances": [
        {
          "index_key": 0,
          "schema_version": 0,
          "attributes": {
            "id": "1083297150",
            "json": "{\n  \"Version\": \"2012-10-17\",\n  \"Statement\": [\n    {\n      \"Sid\": \"KeyAdministration\",\n      \"Effect\": \"Allow\",\n      \"Action\": [\n        \"kms:Update*\",\n        \"kms:UntagResource\",\n        \"kms:TagResource\",\n        \"kms:ScheduleKeyDeletion\",\n        \"kms:Revoke*\",\n        \"kms:Put*\",\n        \"kms:List*\",\n        \"kms:Get*\",\n        \"kms:Enable*\",\n        \"kms:Disable*\",\n        \"kms:Describe*\",\n        \"kms:Delete*\",\n        \"kms:Create*\",\n        \"kms:CancelKeyDeletion\"\n      ],\n      \"Resource\": \"*\",\n      \"Principal\": {\n        \"AWS\": \"arn:aws:iam::012276489912:user/terrafrom\"\n      }\n    },\n    {\n      \"Sid\": \"KeyUsage\",\n      \"Effect\": \"Allow\",\n      \"Action\": [\n        \"kms:ReEncrypt*\",\n        \"kms:GenerateDataKey*\",\n        \"kms:Encrypt\",\n        \"kms:DescribeKey\",\n        \"kms:Decrypt\"\n      ],\n      \"Resource\": \"*\",\n      \"Principal\": {\n        \"AWS\": \"arn:aws:iam::012276489912:role/welend-cluster-cluster-20230829134920080900000001\"\n      }\n    }\n  ]\n}",
            "override_policy_documents": null,
            "policy_id": null,
            "source_policy_documents": null,
            "statement": [
              {
                "actions": [
                  "kms:CancelKeyDeletion",
                  "kms:Create*",
                  "kms:Delete*",
                  "kms:Describe*",
                  "kms:Disable*",
                  "kms:Enable*",
                  "kms:Get*",
                  "kms:List*",
                  "kms:Put*",
                  "kms:Revoke*",
                  "kms:ScheduleKeyDeletion",
                  "kms:TagResource",
                  "kms:UntagResource",
                  "kms:Update*"
                ],
                "condition": [],
                "effect": "Allow",
                "not_actions": [],
                "not_principals": [],
                "not_resources": [],
                "principals": [
                  {
                    "identifiers": [
                      "arn:aws:iam::012276489912:user/terrafrom"
                    ],
                    "type": "AWS"
                  }
                ],
                "resources": [
                  "*"
                ],
                "sid": "KeyAdministration"
              },
              {
                "actions": [
                  "kms:Decrypt",
                  "kms:DescribeKey",
                  "kms:Encrypt",
                  "kms:GenerateDataKey*",
                  "kms:ReEncrypt*"
                ],
                "condition": [],
                "effect": "Allow",
                "not_actions": [],
                "not_principals": [],
                "not_resources": [],
                "principals": [
                  {
                    "identifiers": [
                      "arn:aws:iam::012276489912:role/welend-cluster-cluster-20230829134920080900000001"
                    ],
                    "type": "AWS"
                  }
                ],
                "resources": [
                  "*"
                ],
                "sid": "KeyUsage"
              }
            ],
            "version": "2012-10-17"
          },
          "sensitive_attributes": []
        }
      ]
    },
    {
      "module": "module.eks.module.kms",
      "mode": "data",
      "type": "aws_partition",
      "name": "current",
      "provider": "provider[\"registry.terraform.io/hashicorp/aws\"]",
      "instances": [
        {
          "schema_version": 0,
          "attributes": {
            "dns_suffix": "amazonaws.com",
            "id": "aws",
            "partition": "aws",
            "reverse_dns_prefix": "com.amazonaws"
          },
          "sensitive_attributes": []
        }
      ]
    },
    {
      "module": "module.eks.module.kms",
      "mode": "managed",
      "type": "aws_kms_alias",
      "name": "this",
      "provider": "provider[\"registry.terraform.io/hashicorp/aws\"]",
      "instances": [
        {
          "index_key": "cluster",
          "schema_version": 0,
          "attributes": {
            "arn": "arn:aws:kms:ap-southeast-1:012276489912:alias/eks/welend-cluster",
            "id": "alias/eks/welend-cluster",
            "name": "alias/eks/welend-cluster",
            "name_prefix": "",
            "target_key_arn": "arn:aws:kms:ap-southeast-1:012276489912:key/67a80fd4-9d8e-4c8b-80cf-e3f28be71910",
            "target_key_id": "67a80fd4-9d8e-4c8b-80cf-e3f28be71910"
          },
          "sensitive_attributes": [],
          "private": "bnVsbA==",
          "dependencies": [
            "module.eks.aws_iam_role.this",
            "module.eks.data.aws_caller_identity.current",
            "module.eks.data.aws_iam_policy_document.assume_role_policy",
            "module.eks.data.aws_iam_session_context.current",
            "module.eks.data.aws_partition.current",
            "module.eks.module.kms.aws_kms_external_key.this",
            "module.eks.module.kms.aws_kms_key.this",
            "module.eks.module.kms.data.aws_caller_identity.current",
            "module.eks.module.kms.data.aws_iam_policy_document.this",
            "module.eks.module.kms.data.aws_partition.current"
          ]
        }
      ]
    },
    {
      "module": "module.eks.module.kms",
      "mode": "managed",
      "type": "aws_kms_key",
      "name": "this",
      "provider": "provider[\"registry.terraform.io/hashicorp/aws\"]",
      "instances": [
        {
          "index_key": 0,
          "schema_version": 0,
          "attributes": {
            "arn": "arn:aws:kms:ap-southeast-1:012276489912:key/67a80fd4-9d8e-4c8b-80cf-e3f28be71910",
            "bypass_policy_lockout_safety_check": false,
            "custom_key_store_id": "",
            "customer_master_key_spec": "SYMMETRIC_DEFAULT",
            "deletion_window_in_days": null,
            "description": "welend-cluster cluster encryption key",
            "enable_key_rotation": true,
            "id": "67a80fd4-9d8e-4c8b-80cf-e3f28be71910",
            "is_enabled": true,
            "key_id": "67a80fd4-9d8e-4c8b-80cf-e3f28be71910",
            "key_usage": "ENCRYPT_DECRYPT",
            "multi_region": false,
            "policy": "{\"Statement\":[{\"Action\":[\"kms:Update*\",\"kms:UntagResource\",\"kms:TagResource\",\"kms:ScheduleKeyDeletion\",\"kms:Revoke*\",\"kms:Put*\",\"kms:List*\",\"kms:Get*\",\"kms:Enable*\",\"kms:Disable*\",\"kms:Describe*\",\"kms:Delete*\",\"kms:Create*\",\"kms:CancelKeyDeletion\"],\"Effect\":\"Allow\",\"Principal\":{\"AWS\":\"arn:aws:iam::012276489912:user/terrafrom\"},\"Resource\":\"*\",\"Sid\":\"KeyAdministration\"},{\"Action\":[\"kms:ReEncrypt*\",\"kms:GenerateDataKey*\",\"kms:Encrypt\",\"kms:DescribeKey\",\"kms:Decrypt\"],\"Effect\":\"Allow\",\"Principal\":{\"AWS\":\"arn:aws:iam::012276489912:role/welend-cluster-cluster-20230829134920080900000001\"},\"Resource\":\"*\",\"Sid\":\"KeyUsage\"}],\"Version\":\"2012-10-17\"}",
            "tags": {},
            "tags_all": {}
          },
          "sensitive_attributes": [],
          "private": "bnVsbA==",
          "dependencies": [
            "module.eks.aws_iam_role.this",
            "module.eks.data.aws_caller_identity.current",
            "module.eks.data.aws_iam_policy_document.assume_role_policy",
            "module.eks.data.aws_iam_session_context.current",
            "module.eks.data.aws_partition.current",
            "module.eks.module.kms.data.aws_caller_identity.current",
            "module.eks.module.kms.data.aws_iam_policy_document.this",
            "module.eks.module.kms.data.aws_partition.current"
          ],
          "create_before_destroy": true
        }
      ]
    },
    {
      "module": "module.vpc",
      "mode": "managed",
      "type": "aws_default_network_acl",
      "name": "this",
      "provider": "provider[\"registry.terraform.io/hashicorp/aws\"]",
      "instances": [
        {
          "index_key": 0,
          "schema_version": 0,
          "attributes": {
            "arn": "arn:aws:ec2:ap-southeast-1:012276489912:network-acl/acl-03818dac7552a7edc",
            "default_network_acl_id": "acl-03818dac7552a7edc",
            "egress": [
              {
                "action": "allow",
                "cidr_block": "",
                "from_port": 0,
                "icmp_code": 0,
                "icmp_type": 0,
                "ipv6_cidr_block": "::/0",
                "protocol": "-1",
                "rule_no": 101,
                "to_port": 0
              },
              {
                "action": "allow",
                "cidr_block": "0.0.0.0/0",
                "from_port": 0,
                "icmp_code": 0,
                "icmp_type": 0,
                "ipv6_cidr_block": "",
                "protocol": "-1",
                "rule_no": 100,
                "to_port": 0
              }
            ],
            "id": "acl-03818dac7552a7edc",
            "ingress": [
              {
                "action": "allow",
                "cidr_block": "",
                "from_port": 0,
                "icmp_code": 0,
                "icmp_type": 0,
                "ipv6_cidr_block": "::/0",
                "protocol": "-1",
                "rule_no": 101,
                "to_port": 0
              },
              {
                "action": "allow",
                "cidr_block": "0.0.0.0/0",
                "from_port": 0,
                "icmp_code": 0,
                "icmp_type": 0,
                "ipv6_cidr_block": "",
                "protocol": "-1",
                "rule_no": 100,
                "to_port": 0
              }
            ],
            "owner_id": "012276489912",
            "subnet_ids": [
              "subnet-0378b01cab359495d",
              "subnet-048db8c45e4d1ba6d",
              "subnet-08208ba889abb3b3e",
              "subnet-0874acad3bfbc6a56",
              "subnet-0d3b8a6ea5d6beb60",
              "subnet-0d98c36e83f29040a"
            ],
            "tags": {
              "Name": "welend-vpc-default"
            },
            "tags_all": {
              "Name": "welend-vpc-default"
            },
            "vpc_id": "vpc-07db40c88b8ac068a"
          },
          "sensitive_attributes": [],
          "private": "bnVsbA==",
          "dependencies": [
            "module.vpc.aws_vpc.this"
          ]
        }
      ]
    },
    {
      "module": "module.vpc",
      "mode": "managed",
      "type": "aws_default_route_table",
      "name": "default",
      "provider": "provider[\"registry.terraform.io/hashicorp/aws\"]",
      "instances": [
        {
          "index_key": 0,
          "schema_version": 0,
          "attributes": {
            "arn": "arn:aws:ec2:ap-southeast-1:012276489912:route-table/rtb-0f6e87b588d0c65bc",
            "default_route_table_id": "rtb-0f6e87b588d0c65bc",
            "id": "rtb-0f6e87b588d0c65bc",
            "owner_id": "012276489912",
            "propagating_vgws": [],
            "route": [],
            "tags": {
              "Name": "welend-vpc-default"
            },
            "tags_all": {
              "Name": "welend-vpc-default"
            },
            "timeouts": {
              "create": "5m",
              "update": "5m"
            },
            "vpc_id": "vpc-07db40c88b8ac068a"
          },
          "sensitive_attributes": [],
          "private": "eyJlMmJmYjczMC1lY2FhLTExZTYtOGY4OC0zNDM2M2JjN2M0YzAiOnsiY3JlYXRlIjozMDAwMDAwMDAwMDAsInVwZGF0ZSI6MzAwMDAwMDAwMDAwfX0=",
          "dependencies": [
            "module.vpc.aws_vpc.this"
          ]
        }
      ]
    },
    {
      "module": "module.vpc",
      "mode": "managed",
      "type": "aws_default_security_group",
      "name": "this",
      "provider": "provider[\"registry.terraform.io/hashicorp/aws\"]",
      "instances": [
        {
          "index_key": 0,
          "schema_version": 1,
          "attributes": {
            "arn": "arn:aws:ec2:ap-southeast-1:012276489912:security-group/sg-0dcc30feb647c74d8",
            "description": "default VPC security group",
            "egress": [],
            "id": "sg-0dcc30feb647c74d8",
            "ingress": [
              {
                "cidr_blocks": [
                  "0.0.0.0/0"
                ],
                "description": "",
                "from_port": 80,
                "ipv6_cidr_blocks": [],
                "prefix_list_ids": [],
                "protocol": "tcp",
                "security_groups": [],
                "self": false,
                "to_port": 80
              }
            ],
            "name": "default",
            "name_prefix": "",
            "owner_id": "012276489912",
            "revoke_rules_on_delete": false,
            "tags": {
              "Name": "welend-vpc-default"
            },
            "tags_all": {
              "Name": "welend-vpc-default"
            },
            "vpc_id": "vpc-07db40c88b8ac068a"
          },
          "sensitive_attributes": [],
          "private": "eyJzY2hlbWFfdmVyc2lvbiI6IjEifQ==",
          "dependencies": [
            "module.vpc.aws_vpc.this"
          ]
        }
      ]
    },
    {
      "module": "module.vpc",
      "mode": "managed",
      "type": "aws_eip",
      "name": "nat",
      "provider": "provider[\"registry.terraform.io/hashicorp/aws\"]",
      "instances": [
        {
          "index_key": 0,
          "schema_version": 0,
          "attributes": {
            "address": null,
            "allocation_id": "eipalloc-01699e4d153da5ddc",
            "associate_with_private_ip": null,
            "association_id": "eipassoc-0a074bd0ce6bc6048",
            "carrier_ip": "",
            "customer_owned_ip": "",
            "customer_owned_ipv4_pool": "",
            "domain": "vpc",
            "id": "eipalloc-01699e4d153da5ddc",
            "instance": "",
            "network_border_group": "ap-southeast-1",
            "network_interface": "eni-09b411ac23bd25638",
            "private_dns": "ip-10-0-4-132.ap-southeast-1.compute.internal",
            "private_ip": "10.0.4.132",
            "public_dns": "ec2-54-254-55-224.ap-southeast-1.compute.amazonaws.com",
            "public_ip": "54.254.55.224",
            "public_ipv4_pool": "amazon",
            "tags": {
              "Name": "welend-vpc-ap-southeast-1a"
            },
            "tags_all": {
              "Name": "welend-vpc-ap-southeast-1a"
            },
            "timeouts": null,
            "vpc": true
          },
          "sensitive_attributes": [],
          "private": "eyJlMmJmYjczMC1lY2FhLTExZTYtOGY4OC0zNDM2M2JjN2M0YzAiOnsiZGVsZXRlIjoxODAwMDAwMDAwMDAsInJlYWQiOjkwMDAwMDAwMDAwMCwidXBkYXRlIjozMDAwMDAwMDAwMDB9fQ==",
          "dependencies": [
            "data.aws_availability_zones.available",
            "module.vpc.aws_internet_gateway.this",
            "module.vpc.aws_vpc.this",
            "module.vpc.aws_vpc_ipv4_cidr_block_association.this"
          ]
        }
      ]
    },
    {
      "module": "module.vpc",
      "mode": "managed",
      "type": "aws_internet_gateway",
      "name": "this",
      "provider": "provider[\"registry.terraform.io/hashicorp/aws\"]",
      "instances": [
        {
          "index_key": 0,
          "schema_version": 0,
          "attributes": {
            "arn": "arn:aws:ec2:ap-southeast-1:012276489912:internet-gateway/igw-0e16d5231395c50df",
            "id": "igw-0e16d5231395c50df",
            "owner_id": "012276489912",
            "tags": {
              "Name": "welend-vpc"
            },
            "tags_all": {
              "Name": "welend-vpc"
            },
            "timeouts": null,
            "vpc_id": "vpc-07db40c88b8ac068a"
          },
          "sensitive_attributes": [],
          "private": "eyJlMmJmYjczMC1lY2FhLTExZTYtOGY4OC0zNDM2M2JjN2M0YzAiOnsiY3JlYXRlIjoxMjAwMDAwMDAwMDAwLCJkZWxldGUiOjEyMDAwMDAwMDAwMDAsInVwZGF0ZSI6MTIwMDAwMDAwMDAwMH19",
          "dependencies": [
            "module.vpc.aws_vpc.this",
            "module.vpc.aws_vpc_ipv4_cidr_block_association.this"
          ]
        }
      ]
    },
    {
      "module": "module.vpc",
      "mode": "managed",
      "type": "aws_nat_gateway",
      "name": "this",
      "provider": "provider[\"registry.terraform.io/hashicorp/aws\"]",
      "instances": [
        {
          "index_key": 0,
          "schema_version": 0,
          "attributes": {
            "allocation_id": "eipalloc-01699e4d153da5ddc",
            "association_id": "eipassoc-0a074bd0ce6bc6048",
            "connectivity_type": "public",
            "id": "nat-0aa227fd737830ef8",
            "network_interface_id": "eni-09b411ac23bd25638",
            "private_ip": "10.0.4.132",
            "public_ip": "54.254.55.224",
            "subnet_id": "subnet-08208ba889abb3b3e",
            "tags": {
              "Name": "welend-vpc-ap-southeast-1a"
            },
            "tags_all": {
              "Name": "welend-vpc-ap-southeast-1a"
            }
          },
          "sensitive_attributes": [],
          "private": "bnVsbA==",
          "dependencies": [
            "data.aws_availability_zones.available",
            "module.vpc.aws_eip.nat",
            "module.vpc.aws_internet_gateway.this",
            "module.vpc.aws_subnet.public",
            "module.vpc.aws_vpc.this",
            "module.vpc.aws_vpc_ipv4_cidr_block_association.this"
          ]
        }
      ]
    },
    {
      "module": "module.vpc",
      "mode": "managed",
      "type": "aws_route",
      "name": "private_nat_gateway",
      "provider": "provider[\"registry.terraform.io/hashicorp/aws\"]",
      "instances": [
        {
          "index_key": 0,
          "schema_version": 0,
          "attributes": {
            "carrier_gateway_id": "",
            "core_network_arn": "",
            "destination_cidr_block": "0.0.0.0/0",
            "destination_ipv6_cidr_block": "",
            "destination_prefix_list_id": "",
            "egress_only_gateway_id": "",
            "gateway_id": "",
            "id": "r-rtb-0938b26483d93ee411080289494",
            "instance_id": "",
            "instance_owner_id": "",
            "local_gateway_id": "",
            "nat_gateway_id": "nat-0aa227fd737830ef8",
            "network_interface_id": "",
            "origin": "CreateRoute",
            "route_table_id": "rtb-0938b26483d93ee41",
            "state": "active",
            "timeouts": {
              "create": "5m",
              "delete": null,
              "update": null
            },
            "transit_gateway_id": "",
            "vpc_endpoint_id": "",
            "vpc_peering_connection_id": ""
          },
          "sensitive_attributes": [],
          "private": "eyJlMmJmYjczMC1lY2FhLTExZTYtOGY4OC0zNDM2M2JjN2M0YzAiOnsiY3JlYXRlIjozMDAwMDAwMDAwMDAsImRlbGV0ZSI6MzAwMDAwMDAwMDAwLCJ1cGRhdGUiOjEyMDAwMDAwMDAwMH19",
          "dependencies": [
            "data.aws_availability_zones.available",
            "module.vpc.aws_eip.nat",
            "module.vpc.aws_internet_gateway.this",
            "module.vpc.aws_nat_gateway.this",
            "module.vpc.aws_route_table.private",
            "module.vpc.aws_subnet.public",
            "module.vpc.aws_vpc.this",
            "module.vpc.aws_vpc_ipv4_cidr_block_association.this"
          ]
        }
      ]
    },
    {
      "module": "module.vpc",
      "mode": "managed",
      "type": "aws_route",
      "name": "public_internet_gateway",
      "provider": "provider[\"registry.terraform.io/hashicorp/aws\"]",
      "instances": [
        {
          "index_key": 0,
          "schema_version": 0,
          "attributes": {
            "carrier_gateway_id": "",
            "core_network_arn": "",
            "destination_cidr_block": "0.0.0.0/0",
            "destination_ipv6_cidr_block": "",
            "destination_prefix_list_id": "",
            "egress_only_gateway_id": "",
            "gateway_id": "igw-0e16d5231395c50df",
            "id": "r-rtb-0b00161215ef397921080289494",
            "instance_id": "",
            "instance_owner_id": "",
            "local_gateway_id": "",
            "nat_gateway_id": "",
            "network_interface_id": "",
            "origin": "CreateRoute",
            "route_table_id": "rtb-0b00161215ef39792",
            "state": "active",
            "timeouts": {
              "create": "5m",
              "delete": null,
              "update": null
            },
            "transit_gateway_id": "",
            "vpc_endpoint_id": "",
            "vpc_peering_connection_id": ""
          },
          "sensitive_attributes": [],
          "private": "eyJlMmJmYjczMC1lY2FhLTExZTYtOGY4OC0zNDM2M2JjN2M0YzAiOnsiY3JlYXRlIjozMDAwMDAwMDAwMDAsImRlbGV0ZSI6MzAwMDAwMDAwMDAwLCJ1cGRhdGUiOjEyMDAwMDAwMDAwMH19",
          "dependencies": [
            "module.vpc.aws_internet_gateway.this",
            "module.vpc.aws_route_table.public",
            "module.vpc.aws_vpc.this",
            "module.vpc.aws_vpc_ipv4_cidr_block_association.this"
          ]
        }
      ]
    },
    {
      "module": "module.vpc",
      "mode": "managed",
      "type": "aws_route_table",
      "name": "private",
      "provider": "provider[\"registry.terraform.io/hashicorp/aws\"]",
      "instances": [
        {
          "index_key": 0,
          "schema_version": 0,
          "attributes": {
            "arn": "arn:aws:ec2:ap-southeast-1:012276489912:route-table/rtb-0938b26483d93ee41",
            "id": "rtb-0938b26483d93ee41",
            "owner_id": "012276489912",
            "propagating_vgws": [],
            "route": [
              {
                "carrier_gateway_id": "",
                "cidr_block": "0.0.0.0/0",
                "core_network_arn": "",
                "destination_prefix_list_id": "",
                "egress_only_gateway_id": "",
                "gateway_id": "",
                "ipv6_cidr_block": "",
                "local_gateway_id": "",
                "nat_gateway_id": "nat-0aa227fd737830ef8",
                "network_interface_id": "",
                "transit_gateway_id": "",
                "vpc_endpoint_id": "",
                "vpc_peering_connection_id": ""
              }
            ],
            "tags": {
              "Name": "welend-vpc-private"
            },
            "tags_all": {
              "Name": "welend-vpc-private"
            },
            "timeouts": null,
            "vpc_id": "vpc-07db40c88b8ac068a"
          },
          "sensitive_attributes": [],
          "private": "eyJlMmJmYjczMC1lY2FhLTExZTYtOGY4OC0zNDM2M2JjN2M0YzAiOnsiY3JlYXRlIjozMDAwMDAwMDAwMDAsImRlbGV0ZSI6MzAwMDAwMDAwMDAwLCJ1cGRhdGUiOjEyMDAwMDAwMDAwMH19",
          "dependencies": [
            "data.aws_availability_zones.available",
            "module.vpc.aws_vpc.this",
            "module.vpc.aws_vpc_ipv4_cidr_block_association.this"
          ]
        }
      ]
    },
    {
      "module": "module.vpc",
      "mode": "managed",
      "type": "aws_route_table",
      "name": "public",
      "provider": "provider[\"registry.terraform.io/hashicorp/aws\"]",
      "instances": [
        {
          "index_key": 0,
          "schema_version": 0,
          "attributes": {
            "arn": "arn:aws:ec2:ap-southeast-1:012276489912:route-table/rtb-0b00161215ef39792",
            "id": "rtb-0b00161215ef39792",
            "owner_id": "012276489912",
            "propagating_vgws": [],
            "route": [
              {
                "carrier_gateway_id": "",
                "cidr_block": "0.0.0.0/0",
                "core_network_arn": "",
                "destination_prefix_list_id": "",
                "egress_only_gateway_id": "",
                "gateway_id": "igw-0e16d5231395c50df",
                "ipv6_cidr_block": "",
                "local_gateway_id": "",
                "nat_gateway_id": "",
                "network_interface_id": "",
                "transit_gateway_id": "",
                "vpc_endpoint_id": "",
                "vpc_peering_connection_id": ""
              }
            ],
            "tags": {
              "Name": "welend-vpc-public"
            },
            "tags_all": {
              "Name": "welend-vpc-public"
            },
            "timeouts": null,
            "vpc_id": "vpc-07db40c88b8ac068a"
          },
          "sensitive_attributes": [],
          "private": "eyJlMmJmYjczMC1lY2FhLTExZTYtOGY4OC0zNDM2M2JjN2M0YzAiOnsiY3JlYXRlIjozMDAwMDAwMDAwMDAsImRlbGV0ZSI6MzAwMDAwMDAwMDAwLCJ1cGRhdGUiOjEyMDAwMDAwMDAwMH19",
          "dependencies": [
            "module.vpc.aws_vpc.this",
            "module.vpc.aws_vpc_ipv4_cidr_block_association.this"
          ]
        }
      ]
    },
    {
      "module": "module.vpc",
      "mode": "managed",
      "type": "aws_route_table_association",
      "name": "private",
      "provider": "provider[\"registry.terraform.io/hashicorp/aws\"]",
      "instances": [
        {
          "index_key": 0,
          "schema_version": 0,
          "attributes": {
            "gateway_id": "",
            "id": "rtbassoc-0942e5bb8c32a1518",
            "route_table_id": "rtb-0938b26483d93ee41",
            "subnet_id": "subnet-0378b01cab359495d",
            "timeouts": null
          },
          "sensitive_attributes": [],
          "private": "eyJlMmJmYjczMC1lY2FhLTExZTYtOGY4OC0zNDM2M2JjN2M0YzAiOnsiY3JlYXRlIjozMDAwMDAwMDAwMDAsImRlbGV0ZSI6MzAwMDAwMDAwMDAwLCJ1cGRhdGUiOjEyMDAwMDAwMDAwMH19",
          "dependencies": [
            "data.aws_availability_zones.available",
            "module.vpc.aws_route_table.private",
            "module.vpc.aws_subnet.private",
            "module.vpc.aws_vpc.this",
            "module.vpc.aws_vpc_ipv4_cidr_block_association.this"
          ]
        },
        {
          "index_key": 1,
          "schema_version": 0,
          "attributes": {
            "gateway_id": "",
            "id": "rtbassoc-0344db6d532375421",
            "route_table_id": "rtb-0938b26483d93ee41",
            "subnet_id": "subnet-0d3b8a6ea5d6beb60",
            "timeouts": null
          },
          "sensitive_attributes": [],
          "private": "eyJlMmJmYjczMC1lY2FhLTExZTYtOGY4OC0zNDM2M2JjN2M0YzAiOnsiY3JlYXRlIjozMDAwMDAwMDAwMDAsImRlbGV0ZSI6MzAwMDAwMDAwMDAwLCJ1cGRhdGUiOjEyMDAwMDAwMDAwMH19",
          "dependencies": [
            "data.aws_availability_zones.available",
            "module.vpc.aws_route_table.private",
            "module.vpc.aws_subnet.private",
            "module.vpc.aws_vpc.this",
            "module.vpc.aws_vpc_ipv4_cidr_block_association.this"
          ]
        },
        {
          "index_key": 2,
          "schema_version": 0,
          "attributes": {
            "gateway_id": "",
            "id": "rtbassoc-069d1116b5ea85a65",
            "route_table_id": "rtb-0938b26483d93ee41",
            "subnet_id": "subnet-0874acad3bfbc6a56",
            "timeouts": null
          },
          "sensitive_attributes": [],
          "private": "eyJlMmJmYjczMC1lY2FhLTExZTYtOGY4OC0zNDM2M2JjN2M0YzAiOnsiY3JlYXRlIjozMDAwMDAwMDAwMDAsImRlbGV0ZSI6MzAwMDAwMDAwMDAwLCJ1cGRhdGUiOjEyMDAwMDAwMDAwMH19",
          "dependencies": [
            "data.aws_availability_zones.available",
            "module.vpc.aws_route_table.private",
            "module.vpc.aws_subnet.private",
            "module.vpc.aws_vpc.this",
            "module.vpc.aws_vpc_ipv4_cidr_block_association.this"
          ]
        }
      ]
    },
    {
      "module": "module.vpc",
      "mode": "managed",
      "type": "aws_route_table_association",
      "name": "public",
      "provider": "provider[\"registry.terraform.io/hashicorp/aws\"]",
      "instances": [
        {
          "index_key": 0,
          "schema_version": 0,
          "attributes": {
            "gateway_id": "",
            "id": "rtbassoc-05407cd3e0e495526",
            "route_table_id": "rtb-0b00161215ef39792",
            "subnet_id": "subnet-08208ba889abb3b3e",
            "timeouts": null
          },
          "sensitive_attributes": [],
          "private": "eyJlMmJmYjczMC1lY2FhLTExZTYtOGY4OC0zNDM2M2JjN2M0YzAiOnsiY3JlYXRlIjozMDAwMDAwMDAwMDAsImRlbGV0ZSI6MzAwMDAwMDAwMDAwLCJ1cGRhdGUiOjEyMDAwMDAwMDAwMH19",
          "dependencies": [
            "data.aws_availability_zones.available",
            "module.vpc.aws_route_table.public",
            "module.vpc.aws_subnet.public",
            "module.vpc.aws_vpc.this",
            "module.vpc.aws_vpc_ipv4_cidr_block_association.this"
          ]
        },
        {
          "index_key": 1,
          "schema_version": 0,
          "attributes": {
            "gateway_id": "",
            "id": "rtbassoc-01e18bd87b47db9df",
            "route_table_id": "rtb-0b00161215ef39792",
            "subnet_id": "subnet-048db8c45e4d1ba6d",
            "timeouts": null
          },
          "sensitive_attributes": [],
          "private": "eyJlMmJmYjczMC1lY2FhLTExZTYtOGY4OC0zNDM2M2JjN2M0YzAiOnsiY3JlYXRlIjozMDAwMDAwMDAwMDAsImRlbGV0ZSI6MzAwMDAwMDAwMDAwLCJ1cGRhdGUiOjEyMDAwMDAwMDAwMH19",
          "dependencies": [
            "data.aws_availability_zones.available",
            "module.vpc.aws_route_table.public",
            "module.vpc.aws_subnet.public",
            "module.vpc.aws_vpc.this",
            "module.vpc.aws_vpc_ipv4_cidr_block_association.this"
          ]
        },
        {
          "index_key": 2,
          "schema_version": 0,
          "attributes": {
            "gateway_id": "",
            "id": "rtbassoc-0f953e4381a2d4246",
            "route_table_id": "rtb-0b00161215ef39792",
            "subnet_id": "subnet-0d98c36e83f29040a",
            "timeouts": null
          },
          "sensitive_attributes": [],
          "private": "eyJlMmJmYjczMC1lY2FhLTExZTYtOGY4OC0zNDM2M2JjN2M0YzAiOnsiY3JlYXRlIjozMDAwMDAwMDAwMDAsImRlbGV0ZSI6MzAwMDAwMDAwMDAwLCJ1cGRhdGUiOjEyMDAwMDAwMDAwMH19",
          "dependencies": [
            "data.aws_availability_zones.available",
            "module.vpc.aws_route_table.public",
            "module.vpc.aws_subnet.public",
            "module.vpc.aws_vpc.this",
            "module.vpc.aws_vpc_ipv4_cidr_block_association.this"
          ]
        }
      ]
    },
    {
      "module": "module.vpc",
      "mode": "managed",
      "type": "aws_subnet",
      "name": "private",
      "provider": "provider[\"registry.terraform.io/hashicorp/aws\"]",
      "instances": [
        {
          "index_key": 0,
          "schema_version": 1,
          "attributes": {
            "arn": "arn:aws:ec2:ap-southeast-1:012276489912:subnet/subnet-0378b01cab359495d",
            "assign_ipv6_address_on_creation": false,
            "availability_zone": "ap-southeast-1a",
            "availability_zone_id": "apse1-az2",
            "cidr_block": "10.0.1.0/24",
            "customer_owned_ipv4_pool": "",
            "enable_dns64": false,
            "enable_lni_at_device_index": 0,
            "enable_resource_name_dns_a_record_on_launch": false,
            "enable_resource_name_dns_aaaa_record_on_launch": false,
            "id": "subnet-0378b01cab359495d",
            "ipv6_cidr_block": "",
            "ipv6_cidr_block_association_id": "",
            "ipv6_native": false,
            "map_customer_owned_ip_on_launch": false,
            "map_public_ip_on_launch": false,
            "outpost_arn": "",
            "owner_id": "012276489912",
            "private_dns_hostname_type_on_launch": "ip-name",
            "tags": {
              "Name": "welend-vpc-private-ap-southeast-1a",
              "kubernetes.io/cluster/var.cluster_name": "shared",
              "kubernetes.io/role/internal-elb": "1"
            },
            "tags_all": {
              "Name": "welend-vpc-private-ap-southeast-1a",
              "kubernetes.io/cluster/var.cluster_name": "shared",
              "kubernetes.io/role/internal-elb": "1"
            },
            "timeouts": null,
            "vpc_id": "vpc-07db40c88b8ac068a"
          },
          "sensitive_attributes": [],
          "private": "eyJlMmJmYjczMC1lY2FhLTExZTYtOGY4OC0zNDM2M2JjN2M0YzAiOnsiY3JlYXRlIjo2MDAwMDAwMDAwMDAsImRlbGV0ZSI6MTIwMDAwMDAwMDAwMH0sInNjaGVtYV92ZXJzaW9uIjoiMSJ9",
          "dependencies": [
            "data.aws_availability_zones.available",
            "module.vpc.aws_vpc.this",
            "module.vpc.aws_vpc_ipv4_cidr_block_association.this"
          ],
          "create_before_destroy": true
        },
        {
          "index_key": 1,
          "schema_version": 1,
          "attributes": {
            "arn": "arn:aws:ec2:ap-southeast-1:012276489912:subnet/subnet-0d3b8a6ea5d6beb60",
            "assign_ipv6_address_on_creation": false,
            "availability_zone": "ap-southeast-1b",
            "availability_zone_id": "apse1-az1",
            "cidr_block": "10.0.2.0/24",
            "customer_owned_ipv4_pool": "",
            "enable_dns64": false,
            "enable_lni_at_device_index": 0,
            "enable_resource_name_dns_a_record_on_launch": false,
            "enable_resource_name_dns_aaaa_record_on_launch": false,
            "id": "subnet-0d3b8a6ea5d6beb60",
            "ipv6_cidr_block": "",
            "ipv6_cidr_block_association_id": "",
            "ipv6_native": false,
            "map_customer_owned_ip_on_launch": false,
            "map_public_ip_on_launch": false,
            "outpost_arn": "",
            "owner_id": "012276489912",
            "private_dns_hostname_type_on_launch": "ip-name",
            "tags": {
              "Name": "welend-vpc-private-ap-southeast-1b",
              "kubernetes.io/cluster/var.cluster_name": "shared",
              "kubernetes.io/role/internal-elb": "1"
            },
            "tags_all": {
              "Name": "welend-vpc-private-ap-southeast-1b",
              "kubernetes.io/cluster/var.cluster_name": "shared",
              "kubernetes.io/role/internal-elb": "1"
            },
            "timeouts": null,
            "vpc_id": "vpc-07db40c88b8ac068a"
          },
          "sensitive_attributes": [],
          "private": "eyJlMmJmYjczMC1lY2FhLTExZTYtOGY4OC0zNDM2M2JjN2M0YzAiOnsiY3JlYXRlIjo2MDAwMDAwMDAwMDAsImRlbGV0ZSI6MTIwMDAwMDAwMDAwMH0sInNjaGVtYV92ZXJzaW9uIjoiMSJ9",
          "dependencies": [
            "data.aws_availability_zones.available",
            "module.vpc.aws_vpc.this",
            "module.vpc.aws_vpc_ipv4_cidr_block_association.this"
          ],
          "create_before_destroy": true
        },
        {
          "index_key": 2,
          "schema_version": 1,
          "attributes": {
            "arn": "arn:aws:ec2:ap-southeast-1:012276489912:subnet/subnet-0874acad3bfbc6a56",
            "assign_ipv6_address_on_creation": false,
            "availability_zone": "ap-southeast-1c",
            "availability_zone_id": "apse1-az3",
            "cidr_block": "10.0.3.0/24",
            "customer_owned_ipv4_pool": "",
            "enable_dns64": false,
            "enable_lni_at_device_index": 0,
            "enable_resource_name_dns_a_record_on_launch": false,
            "enable_resource_name_dns_aaaa_record_on_launch": false,
            "id": "subnet-0874acad3bfbc6a56",
            "ipv6_cidr_block": "",
            "ipv6_cidr_block_association_id": "",
            "ipv6_native": false,
            "map_customer_owned_ip_on_launch": false,
            "map_public_ip_on_launch": false,
            "outpost_arn": "",
            "owner_id": "012276489912",
            "private_dns_hostname_type_on_launch": "ip-name",
            "tags": {
              "Name": "welend-vpc-private-ap-southeast-1c",
              "kubernetes.io/cluster/var.cluster_name": "shared",
              "kubernetes.io/role/internal-elb": "1"
            },
            "tags_all": {
              "Name": "welend-vpc-private-ap-southeast-1c",
              "kubernetes.io/cluster/var.cluster_name": "shared",
              "kubernetes.io/role/internal-elb": "1"
            },
            "timeouts": null,
            "vpc_id": "vpc-07db40c88b8ac068a"
          },
          "sensitive_attributes": [],
          "private": "eyJlMmJmYjczMC1lY2FhLTExZTYtOGY4OC0zNDM2M2JjN2M0YzAiOnsiY3JlYXRlIjo2MDAwMDAwMDAwMDAsImRlbGV0ZSI6MTIwMDAwMDAwMDAwMH0sInNjaGVtYV92ZXJzaW9uIjoiMSJ9",
          "dependencies": [
            "data.aws_availability_zones.available",
            "module.vpc.aws_vpc.this",
            "module.vpc.aws_vpc_ipv4_cidr_block_association.this"
          ],
          "create_before_destroy": true
        }
      ]
    },
    {
      "module": "module.vpc",
      "mode": "managed",
      "type": "aws_subnet",
      "name": "public",
      "provider": "provider[\"registry.terraform.io/hashicorp/aws\"]",
      "instances": [
        {
          "index_key": 0,
          "schema_version": 1,
          "attributes": {
            "arn": "arn:aws:ec2:ap-southeast-1:012276489912:subnet/subnet-08208ba889abb3b3e",
            "assign_ipv6_address_on_creation": false,
            "availability_zone": "ap-southeast-1a",
            "availability_zone_id": "apse1-az2",
            "cidr_block": "10.0.4.0/24",
            "customer_owned_ipv4_pool": "",
            "enable_dns64": false,
            "enable_lni_at_device_index": 0,
            "enable_resource_name_dns_a_record_on_launch": false,
            "enable_resource_name_dns_aaaa_record_on_launch": false,
            "id": "subnet-08208ba889abb3b3e",
            "ipv6_cidr_block": "",
            "ipv6_cidr_block_association_id": "",
            "ipv6_native": false,
            "map_customer_owned_ip_on_launch": false,
            "map_public_ip_on_launch": true,
            "outpost_arn": "",
            "owner_id": "012276489912",
            "private_dns_hostname_type_on_launch": "ip-name",
            "tags": {
              "Name": "welend-vpc-public-ap-southeast-1a",
              "kubernetes.io/cluster/var.cluster_name": "shared",
              "kubernetes.io/role/elb": "1"
            },
            "tags_all": {
              "Name": "welend-vpc-public-ap-southeast-1a",
              "kubernetes.io/cluster/var.cluster_name": "shared",
              "kubernetes.io/role/elb": "1"
            },
            "timeouts": null,
            "vpc_id": "vpc-07db40c88b8ac068a"
          },
          "sensitive_attributes": [],
          "private": "eyJlMmJmYjczMC1lY2FhLTExZTYtOGY4OC0zNDM2M2JjN2M0YzAiOnsiY3JlYXRlIjo2MDAwMDAwMDAwMDAsImRlbGV0ZSI6MTIwMDAwMDAwMDAwMH0sInNjaGVtYV92ZXJzaW9uIjoiMSJ9",
          "dependencies": [
            "data.aws_availability_zones.available",
            "module.vpc.aws_vpc.this",
            "module.vpc.aws_vpc_ipv4_cidr_block_association.this"
          ],
          "create_before_destroy": true
        },
        {
          "index_key": 1,
          "schema_version": 1,
          "attributes": {
            "arn": "arn:aws:ec2:ap-southeast-1:012276489912:subnet/subnet-048db8c45e4d1ba6d",
            "assign_ipv6_address_on_creation": false,
            "availability_zone": "ap-southeast-1b",
            "availability_zone_id": "apse1-az1",
            "cidr_block": "10.0.5.0/24",
            "customer_owned_ipv4_pool": "",
            "enable_dns64": false,
            "enable_lni_at_device_index": 0,
            "enable_resource_name_dns_a_record_on_launch": false,
            "enable_resource_name_dns_aaaa_record_on_launch": false,
            "id": "subnet-048db8c45e4d1ba6d",
            "ipv6_cidr_block": "",
            "ipv6_cidr_block_association_id": "",
            "ipv6_native": false,
            "map_customer_owned_ip_on_launch": false,
            "map_public_ip_on_launch": true,
            "outpost_arn": "",
            "owner_id": "012276489912",
            "private_dns_hostname_type_on_launch": "ip-name",
            "tags": {
              "Name": "welend-vpc-public-ap-southeast-1b",
              "kubernetes.io/cluster/var.cluster_name": "shared",
              "kubernetes.io/role/elb": "1"
            },
            "tags_all": {
              "Name": "welend-vpc-public-ap-southeast-1b",
              "kubernetes.io/cluster/var.cluster_name": "shared",
              "kubernetes.io/role/elb": "1"
            },
            "timeouts": null,
            "vpc_id": "vpc-07db40c88b8ac068a"
          },
          "sensitive_attributes": [],
          "private": "eyJlMmJmYjczMC1lY2FhLTExZTYtOGY4OC0zNDM2M2JjN2M0YzAiOnsiY3JlYXRlIjo2MDAwMDAwMDAwMDAsImRlbGV0ZSI6MTIwMDAwMDAwMDAwMH0sInNjaGVtYV92ZXJzaW9uIjoiMSJ9",
          "dependencies": [
            "data.aws_availability_zones.available",
            "module.vpc.aws_vpc.this",
            "module.vpc.aws_vpc_ipv4_cidr_block_association.this"
          ],
          "create_before_destroy": true
        },
        {
          "index_key": 2,
          "schema_version": 1,
          "attributes": {
            "arn": "arn:aws:ec2:ap-southeast-1:012276489912:subnet/subnet-0d98c36e83f29040a",
            "assign_ipv6_address_on_creation": false,
            "availability_zone": "ap-southeast-1c",
            "availability_zone_id": "apse1-az3",
            "cidr_block": "10.0.6.0/24",
            "customer_owned_ipv4_pool": "",
            "enable_dns64": false,
            "enable_lni_at_device_index": 0,
            "enable_resource_name_dns_a_record_on_launch": false,
            "enable_resource_name_dns_aaaa_record_on_launch": false,
            "id": "subnet-0d98c36e83f29040a",
            "ipv6_cidr_block": "",
            "ipv6_cidr_block_association_id": "",
            "ipv6_native": false,
            "map_customer_owned_ip_on_launch": false,
            "map_public_ip_on_launch": true,
            "outpost_arn": "",
            "owner_id": "012276489912",
            "private_dns_hostname_type_on_launch": "ip-name",
            "tags": {
              "Name": "welend-vpc-public-ap-southeast-1c",
              "kubernetes.io/cluster/var.cluster_name": "shared",
              "kubernetes.io/role/elb": "1"
            },
            "tags_all": {
              "Name": "welend-vpc-public-ap-southeast-1c",
              "kubernetes.io/cluster/var.cluster_name": "shared",
              "kubernetes.io/role/elb": "1"
            },
            "timeouts": null,
            "vpc_id": "vpc-07db40c88b8ac068a"
          },
          "sensitive_attributes": [],
          "private": "eyJlMmJmYjczMC1lY2FhLTExZTYtOGY4OC0zNDM2M2JjN2M0YzAiOnsiY3JlYXRlIjo2MDAwMDAwMDAwMDAsImRlbGV0ZSI6MTIwMDAwMDAwMDAwMH0sInNjaGVtYV92ZXJzaW9uIjoiMSJ9",
          "dependencies": [
            "data.aws_availability_zones.available",
            "module.vpc.aws_vpc.this",
            "module.vpc.aws_vpc_ipv4_cidr_block_association.this"
          ],
          "create_before_destroy": true
        }
      ]
    },
    {
      "module": "module.vpc",
      "mode": "managed",
      "type": "aws_vpc",
      "name": "this",
      "provider": "provider[\"registry.terraform.io/hashicorp/aws\"]",
      "instances": [
        {
          "index_key": 0,
          "schema_version": 1,
          "attributes": {
            "arn": "arn:aws:ec2:ap-southeast-1:012276489912:vpc/vpc-07db40c88b8ac068a",
            "assign_generated_ipv6_cidr_block": false,
            "cidr_block": "10.0.0.0/16",
            "default_network_acl_id": "acl-03818dac7552a7edc",
            "default_route_table_id": "rtb-0f6e87b588d0c65bc",
            "default_security_group_id": "sg-0dcc30feb647c74d8",
            "dhcp_options_id": "dopt-0625e2a34e93408ee",
            "enable_dns_hostnames": true,
            "enable_dns_support": true,
            "enable_network_address_usage_metrics": false,
            "id": "vpc-07db40c88b8ac068a",
            "instance_tenancy": "default",
            "ipv4_ipam_pool_id": null,
            "ipv4_netmask_length": null,
            "ipv6_association_id": "",
            "ipv6_cidr_block": "",
            "ipv6_cidr_block_network_border_group": "",
            "ipv6_ipam_pool_id": "",
            "ipv6_netmask_length": 0,
            "main_route_table_id": "rtb-0f6e87b588d0c65bc",
            "owner_id": "012276489912",
            "tags": {
              "Name": "welend-vpc"
            },
            "tags_all": {
              "Name": "welend-vpc"
            }
          },
          "sensitive_attributes": [],
          "private": "eyJzY2hlbWFfdmVyc2lvbiI6IjEifQ==",
          "create_before_destroy": true
        }
      ]
    },
    {
      "module": "module.vpc_cni_irsa",
      "mode": "data",
      "type": "aws_caller_identity",
      "name": "current",
      "provider": "provider[\"registry.terraform.io/hashicorp/aws\"]",
      "instances": [
        {
          "schema_version": 0,
          "attributes": {
            "account_id": "012276489912",
            "arn": "arn:aws:iam::012276489912:user/terrafrom",
            "id": "012276489912",
            "user_id": "AIDAQFW54L24KDF6IK42P"
          },
          "sensitive_attributes": []
        }
      ]
    },
    {
      "module": "module.vpc_cni_irsa",
      "mode": "data",
      "type": "aws_iam_policy_document",
      "name": "load_balancer_controller",
      "provider": "provider[\"registry.terraform.io/hashicorp/aws\"]",
      "instances": [
        {
          "index_key": 0,
          "schema_version": 0,
          "attributes": {
            "id": "3165004190",
            "json": "{\n  \"Version\": \"2012-10-17\",\n  \"Statement\": [\n    {\n      \"Effect\": \"Allow\",\n      \"Action\": \"iam:CreateServiceLinkedRole\",\n      \"Resource\": \"*\",\n      \"Condition\": {\n        \"StringEquals\": {\n          \"iam:AWSServiceName\": \"elasticloadbalancing.amazonaws.com\"\n        }\n      }\n    },\n    {\n      \"Effect\": \"Allow\",\n      \"Action\": [\n        \"elasticloadbalancing:DescribeTargetHealth\",\n        \"elasticloadbalancing:DescribeTargetGroups\",\n        \"elasticloadbalancing:DescribeTargetGroupAttributes\",\n        \"elasticloadbalancing:DescribeTags\",\n        \"elasticloadbalancing:DescribeSSLPolicies\",\n        \"elasticloadbalancing:DescribeRules\",\n        \"elasticloadbalancing:DescribeLoadBalancers\",\n        \"elasticloadbalancing:DescribeLoadBalancerAttributes\",\n        \"elasticloadbalancing:DescribeListeners\",\n        \"elasticloadbalancing:DescribeListenerCertificates\",\n        \"ec2:GetCoipPoolUsage\",\n        \"ec2:DescribeVpcs\",\n        \"ec2:DescribeVpcPeeringConnections\",\n        \"ec2:DescribeTags\",\n        \"ec2:DescribeSubnets\",\n        \"ec2:DescribeSecurityGroups\",\n        \"ec2:DescribeNetworkInterfaces\",\n        \"ec2:DescribeInternetGateways\",\n        \"ec2:DescribeInstances\",\n        \"ec2:DescribeCoipPools\",\n        \"ec2:DescribeAvailabilityZones\",\n        \"ec2:DescribeAddresses\",\n        \"ec2:DescribeAccountAttributes\"\n      ],\n      \"Resource\": \"*\"\n    },\n    {\n      \"Effect\": \"Allow\",\n      \"Action\": [\n        \"wafv2:GetWebACLForResource\",\n        \"wafv2:GetWebACL\",\n        \"wafv2:DisassociateWebACL\",\n        \"wafv2:AssociateWebACL\",\n        \"waf-regional:GetWebACLForResource\",\n        \"waf-regional:GetWebACL\",\n        \"waf-regional:DisassociateWebACL\",\n        \"waf-regional:AssociateWebACL\",\n        \"shield:GetSubscriptionState\",\n        \"shield:DescribeProtection\",\n        \"shield:DeleteProtection\",\n        \"shield:CreateProtection\",\n        \"iam:ListServerCertificates\",\n        \"iam:GetServerCertificate\",\n        \"cognito-idp:DescribeUserPoolClient\",\n        \"acm:ListCertificates\",\n        \"acm:DescribeCertificate\"\n      ],\n      \"Resource\": \"*\"\n    },\n    {\n      \"Effect\": \"Allow\",\n      \"Action\": [\n        \"ec2:RevokeSecurityGroupIngress\",\n        \"ec2:CreateSecurityGroup\",\n        \"ec2:AuthorizeSecurityGroupIngress\"\n      ],\n      \"Resource\": \"*\"\n    },\n    {\n      \"Effect\": \"Allow\",\n      \"Action\": \"ec2:CreateTags\",\n      \"Resource\": \"arn:aws:ec2:*:*:security-group/*\",\n      \"Condition\": {\n        \"Null\": {\n          \"aws:RequestTag/elbv2.k8s.aws/cluster\": \"false\"\n        },\n        \"StringEquals\": {\n          \"ec2:CreateAction\": \"CreateSecurityGroup\"\n        }\n      }\n    },\n    {\n      \"Effect\": \"Allow\",\n      \"Action\": [\n        \"ec2:DeleteTags\",\n        \"ec2:CreateTags\"\n      ],\n      \"Resource\": \"arn:aws:ec2:*:*:security-group/*\",\n      \"Condition\": {\n        \"Null\": {\n          \"aws:RequestTag/elbv2.k8s.aws/cluster\": \"true\",\n          \"aws:ResourceTag/elbv2.k8s.aws/cluster\": \"false\"\n        }\n      }\n    },\n    {\n      \"Effect\": \"Allow\",\n      \"Action\": [\n        \"ec2:RevokeSecurityGroupIngress\",\n        \"ec2:DeleteSecurityGroup\",\n        \"ec2:AuthorizeSecurityGroupIngress\"\n      ],\n      \"Resource\": \"*\",\n      \"Condition\": {\n        \"Null\": {\n          \"aws:ResourceTag/elbv2.k8s.aws/cluster\": \"false\"\n        }\n      }\n    },\n    {\n      \"Effect\": \"Allow\",\n      \"Action\": [\n        \"elasticloadbalancing:CreateTargetGroup\",\n        \"elasticloadbalancing:CreateLoadBalancer\"\n      ],\n      \"Resource\": \"*\",\n      \"Condition\": {\n        \"Null\": {\n          \"aws:RequestTag/elbv2.k8s.aws/cluster\": \"false\"\n        }\n      }\n    },\n    {\n      \"Effect\": \"Allow\",\n      \"Action\": [\n        \"elasticloadbalancing:DeleteRule\",\n        \"elasticloadbalancing:DeleteListener\",\n        \"elasticloadbalancing:CreateRule\",\n        \"elasticloadbalancing:CreateListener\"\n      ],\n      \"Resource\": \"*\"\n    },\n    {\n      \"Effect\": \"Allow\",\n      \"Action\": [\n        \"elasticloadbalancing:RemoveTags\",\n        \"elasticloadbalancing:AddTags\"\n      ],\n      \"Resource\": [\n        \"arn:aws:elasticloadbalancing:*:*:targetgroup/*/*\",\n        \"arn:aws:elasticloadbalancing:*:*:loadbalancer/net/*/*\",\n        \"arn:aws:elasticloadbalancing:*:*:loadbalancer/app/*/*\"\n      ],\n      \"Condition\": {\n        \"Null\": {\n          \"aws:RequestTag/elbv2.k8s.aws/cluster\": \"true\",\n          \"aws:ResourceTag/elbv2.k8s.aws/cluster\": \"false\"\n        }\n      }\n    },\n    {\n      \"Effect\": \"Allow\",\n      \"Action\": [\n        \"elasticloadbalancing:RemoveTags\",\n        \"elasticloadbalancing:AddTags\"\n      ],\n      \"Resource\": [\n        \"arn:aws:elasticloadbalancing:*:*:listener/net/*/*/*\",\n        \"arn:aws:elasticloadbalancing:*:*:listener/app/*/*/*\",\n        \"arn:aws:elasticloadbalancing:*:*:listener-rule/net/*/*/*\",\n        \"arn:aws:elasticloadbalancing:*:*:listener-rule/app/*/*/*\"\n      ]\n    },\n    {\n      \"Effect\": \"Allow\",\n      \"Action\": [\n        \"elasticloadbalancing:SetSubnets\",\n        \"elasticloadbalancing:SetSecurityGroups\",\n        \"elasticloadbalancing:SetIpAddressType\",\n        \"elasticloadbalancing:ModifyTargetGroupAttributes\",\n        \"elasticloadbalancing:ModifyTargetGroup\",\n        \"elasticloadbalancing:ModifyLoadBalancerAttributes\",\n        \"elasticloadbalancing:DeleteTargetGroup\",\n        \"elasticloadbalancing:DeleteLoadBalancer\"\n      ],\n      \"Resource\": \"*\",\n      \"Condition\": {\n        \"Null\": {\n          \"aws:ResourceTag/elbv2.k8s.aws/cluster\": \"false\"\n        }\n      }\n    },\n    {\n      \"Effect\": \"Allow\",\n      \"Action\": [\n        \"elasticloadbalancing:RegisterTargets\",\n        \"elasticloadbalancing:DeregisterTargets\"\n      ],\n      \"Resource\": \"arn:aws:elasticloadbalancing:*:*:targetgroup/*/*\"\n    },\n    {\n      \"Effect\": \"Allow\",\n      \"Action\": [\n        \"elasticloadbalancing:SetWebAcl\",\n        \"elasticloadbalancing:RemoveListenerCertificates\",\n        \"elasticloadbalancing:ModifyRule\",\n        \"elasticloadbalancing:ModifyListener\",\n        \"elasticloadbalancing:AddListenerCertificates\"\n      ],\n      \"Resource\": \"*\"\n    }\n  ]\n}",
            "override_policy_documents": null,
            "policy_id": null,
            "source_policy_documents": null,
            "statement": [
              {
                "actions": [
                  "iam:CreateServiceLinkedRole"
                ],
                "condition": [
                  {
                    "test": "StringEquals",
                    "values": [
                      "elasticloadbalancing.amazonaws.com"
                    ],
                    "variable": "iam:AWSServiceName"
                  }
                ],
                "effect": "Allow",
                "not_actions": [],
                "not_principals": [],
                "not_resources": [],
                "principals": [],
                "resources": [
                  "*"
                ],
                "sid": ""
              },
              {
                "actions": [
                  "ec2:DescribeAccountAttributes",
                  "ec2:DescribeAddresses",
                  "ec2:DescribeAvailabilityZones",
                  "ec2:DescribeCoipPools",
                  "ec2:DescribeInstances",
                  "ec2:DescribeInternetGateways",
                  "ec2:DescribeNetworkInterfaces",
                  "ec2:DescribeSecurityGroups",
                  "ec2:DescribeSubnets",
                  "ec2:DescribeTags",
                  "ec2:DescribeVpcPeeringConnections",
                  "ec2:DescribeVpcs",
                  "ec2:GetCoipPoolUsage",
                  "elasticloadbalancing:DescribeListenerCertificates",
                  "elasticloadbalancing:DescribeListeners",
                  "elasticloadbalancing:DescribeLoadBalancerAttributes",
                  "elasticloadbalancing:DescribeLoadBalancers",
                  "elasticloadbalancing:DescribeRules",
                  "elasticloadbalancing:DescribeSSLPolicies",
                  "elasticloadbalancing:DescribeTags",
                  "elasticloadbalancing:DescribeTargetGroupAttributes",
                  "elasticloadbalancing:DescribeTargetGroups",
                  "elasticloadbalancing:DescribeTargetHealth"
                ],
                "condition": [],
                "effect": "Allow",
                "not_actions": [],
                "not_principals": [],
                "not_resources": [],
                "principals": [],
                "resources": [
                  "*"
                ],
                "sid": ""
              },
              {
                "actions": [
                  "acm:DescribeCertificate",
                  "acm:ListCertificates",
                  "cognito-idp:DescribeUserPoolClient",
                  "iam:GetServerCertificate",
                  "iam:ListServerCertificates",
                  "shield:CreateProtection",
                  "shield:DeleteProtection",
                  "shield:DescribeProtection",
                  "shield:GetSubscriptionState",
                  "waf-regional:AssociateWebACL",
                  "waf-regional:DisassociateWebACL",
                  "waf-regional:GetWebACL",
                  "waf-regional:GetWebACLForResource",
                  "wafv2:AssociateWebACL",
                  "wafv2:DisassociateWebACL",
                  "wafv2:GetWebACL",
                  "wafv2:GetWebACLForResource"
                ],
                "condition": [],
                "effect": "Allow",
                "not_actions": [],
                "not_principals": [],
                "not_resources": [],
                "principals": [],
                "resources": [
                  "*"
                ],
                "sid": ""
              },
              {
                "actions": [
                  "ec2:AuthorizeSecurityGroupIngress",
                  "ec2:CreateSecurityGroup",
                  "ec2:RevokeSecurityGroupIngress"
                ],
                "condition": [],
                "effect": "Allow",
                "not_actions": [],
                "not_principals": [],
                "not_resources": [],
                "principals": [],
                "resources": [
                  "*"
                ],
                "sid": ""
              },
              {
                "actions": [
                  "ec2:CreateTags"
                ],
                "condition": [
                  {
                    "test": "Null",
                    "values": [
                      "false"
                    ],
                    "variable": "aws:RequestTag/elbv2.k8s.aws/cluster"
                  },
                  {
                    "test": "StringEquals",
                    "values": [
                      "CreateSecurityGroup"
                    ],
                    "variable": "ec2:CreateAction"
                  }
                ],
                "effect": "Allow",
                "not_actions": [],
                "not_principals": [],
                "not_resources": [],
                "principals": [],
                "resources": [
                  "arn:aws:ec2:*:*:security-group/*"
                ],
                "sid": ""
              },
              {
                "actions": [
                  "ec2:CreateTags",
                  "ec2:DeleteTags"
                ],
                "condition": [
                  {
                    "test": "Null",
                    "values": [
                      "false"
                    ],
                    "variable": "aws:ResourceTag/elbv2.k8s.aws/cluster"
                  },
                  {
                    "test": "Null",
                    "values": [
                      "true"
                    ],
                    "variable": "aws:RequestTag/elbv2.k8s.aws/cluster"
                  }
                ],
                "effect": "Allow",
                "not_actions": [],
                "not_principals": [],
                "not_resources": [],
                "principals": [],
                "resources": [
                  "arn:aws:ec2:*:*:security-group/*"
                ],
                "sid": ""
              },
              {
                "actions": [
                  "ec2:AuthorizeSecurityGroupIngress",
                  "ec2:DeleteSecurityGroup",
                  "ec2:RevokeSecurityGroupIngress"
                ],
                "condition": [
                  {
                    "test": "Null",
                    "values": [
                      "false"
                    ],
                    "variable": "aws:ResourceTag/elbv2.k8s.aws/cluster"
                  }
                ],
                "effect": "Allow",
                "not_actions": [],
                "not_principals": [],
                "not_resources": [],
                "principals": [],
                "resources": [
                  "*"
                ],
                "sid": ""
              },
              {
                "actions": [
                  "elasticloadbalancing:CreateLoadBalancer",
                  "elasticloadbalancing:CreateTargetGroup"
                ],
                "condition": [
                  {
                    "test": "Null",
                    "values": [
                      "false"
                    ],
                    "variable": "aws:RequestTag/elbv2.k8s.aws/cluster"
                  }
                ],
                "effect": "Allow",
                "not_actions": [],
                "not_principals": [],
                "not_resources": [],
                "principals": [],
                "resources": [
                  "*"
                ],
                "sid": ""
              },
              {
                "actions": [
                  "elasticloadbalancing:CreateListener",
                  "elasticloadbalancing:CreateRule",
                  "elasticloadbalancing:DeleteListener",
                  "elasticloadbalancing:DeleteRule"
                ],
                "condition": [],
                "effect": "Allow",
                "not_actions": [],
                "not_principals": [],
                "not_resources": [],
                "principals": [],
                "resources": [
                  "*"
                ],
                "sid": ""
              },
              {
                "actions": [
                  "elasticloadbalancing:AddTags",
                  "elasticloadbalancing:RemoveTags"
                ],
                "condition": [
                  {
                    "test": "Null",
                    "values": [
                      "false"
                    ],
                    "variable": "aws:ResourceTag/elbv2.k8s.aws/cluster"
                  },
                  {
                    "test": "Null",
                    "values": [
                      "true"
                    ],
                    "variable": "aws:RequestTag/elbv2.k8s.aws/cluster"
                  }
                ],
                "effect": "Allow",
                "not_actions": [],
                "not_principals": [],
                "not_resources": [],
                "principals": [],
                "resources": [
                  "arn:aws:elasticloadbalancing:*:*:loadbalancer/app/*/*",
                  "arn:aws:elasticloadbalancing:*:*:loadbalancer/net/*/*",
                  "arn:aws:elasticloadbalancing:*:*:targetgroup/*/*"
                ],
                "sid": ""
              },
              {
                "actions": [
                  "elasticloadbalancing:AddTags",
                  "elasticloadbalancing:RemoveTags"
                ],
                "condition": [],
                "effect": "Allow",
                "not_actions": [],
                "not_principals": [],
                "not_resources": [],
                "principals": [],
                "resources": [
                  "arn:aws:elasticloadbalancing:*:*:listener-rule/app/*/*/*",
                  "arn:aws:elasticloadbalancing:*:*:listener-rule/net/*/*/*",
                  "arn:aws:elasticloadbalancing:*:*:listener/app/*/*/*",
                  "arn:aws:elasticloadbalancing:*:*:listener/net/*/*/*"
                ],
                "sid": ""
              },
              {
                "actions": [
                  "elasticloadbalancing:DeleteLoadBalancer",
                  "elasticloadbalancing:DeleteTargetGroup",
                  "elasticloadbalancing:ModifyLoadBalancerAttributes",
                  "elasticloadbalancing:ModifyTargetGroup",
                  "elasticloadbalancing:ModifyTargetGroupAttributes",
                  "elasticloadbalancing:SetIpAddressType",
                  "elasticloadbalancing:SetSecurityGroups",
                  "elasticloadbalancing:SetSubnets"
                ],
                "condition": [
                  {
                    "test": "Null",
                    "values": [
                      "false"
                    ],
                    "variable": "aws:ResourceTag/elbv2.k8s.aws/cluster"
                  }
                ],
                "effect": "Allow",
                "not_actions": [],
                "not_principals": [],
                "not_resources": [],
                "principals": [],
                "resources": [
                  "*"
                ],
                "sid": ""
              },
              {
                "actions": [
                  "elasticloadbalancing:DeregisterTargets",
                  "elasticloadbalancing:RegisterTargets"
                ],
                "condition": [],
                "effect": "Allow",
                "not_actions": [],
                "not_principals": [],
                "not_resources": [],
                "principals": [],
                "resources": [
                  "arn:aws:elasticloadbalancing:*:*:targetgroup/*/*"
                ],
                "sid": ""
              },
              {
                "actions": [
                  "elasticloadbalancing:AddListenerCertificates",
                  "elasticloadbalancing:ModifyListener",
                  "elasticloadbalancing:ModifyRule",
                  "elasticloadbalancing:RemoveListenerCertificates",
                  "elasticloadbalancing:SetWebAcl"
                ],
                "condition": [],
                "effect": "Allow",
                "not_actions": [],
                "not_principals": [],
                "not_resources": [],
                "principals": [],
                "resources": [
                  "*"
                ],
                "sid": ""
              }
            ],
            "version": "2012-10-17"
          },
          "sensitive_attributes": []
        }
      ]
    },
    {
      "module": "module.vpc_cni_irsa",
      "mode": "data",
      "type": "aws_iam_policy_document",
      "name": "this",
      "provider": "provider[\"registry.terraform.io/hashicorp/aws\"]",
      "instances": [
        {
          "index_key": 0,
          "schema_version": 0,
          "attributes": {
            "id": "181811341",
            "json": "{\n  \"Version\": \"2012-10-17\",\n  \"Statement\": [\n    {\n      \"Effect\": \"Allow\",\n      \"Action\": \"sts:AssumeRoleWithWebIdentity\",\n      \"Principal\": {\n        \"Federated\": \"arn:aws:iam::012276489912:oidc-provider/oidc.eks.ap-southeast-1.amazonaws.com/id/916E3356A2C1EA351C48AD79D72AD524\"\n      },\n      \"Condition\": {\n        \"StringEquals\": {\n          \"oidc.eks.ap-southeast-1.amazonaws.com/id/916E3356A2C1EA351C48AD79D72AD524:aud\": \"sts.amazonaws.com\",\n          \"oidc.eks.ap-southeast-1.amazonaws.com/id/916E3356A2C1EA351C48AD79D72AD524:sub\": \"system:serviceaccount:kube-system:aws-load-balancer-controller\"\n        }\n      }\n    }\n  ]\n}",
            "override_policy_documents": null,
            "policy_id": null,
            "source_policy_documents": null,
            "statement": [
              {
                "actions": [
                  "sts:AssumeRoleWithWebIdentity"
                ],
                "condition": [
                  {
                    "test": "StringEquals",
                    "values": [
                      "sts.amazonaws.com"
                    ],
                    "variable": "oidc.eks.ap-southeast-1.amazonaws.com/id/916E3356A2C1EA351C48AD79D72AD524:aud"
                  },
                  {
                    "test": "StringEquals",
                    "values": [
                      "system:serviceaccount:kube-system:aws-load-balancer-controller"
                    ],
                    "variable": "oidc.eks.ap-southeast-1.amazonaws.com/id/916E3356A2C1EA351C48AD79D72AD524:sub"
                  }
                ],
                "effect": "Allow",
                "not_actions": [],
                "not_principals": [],
                "not_resources": [],
                "principals": [
                  {
                    "identifiers": [
                      "arn:aws:iam::012276489912:oidc-provider/oidc.eks.ap-southeast-1.amazonaws.com/id/916E3356A2C1EA351C48AD79D72AD524"
                    ],
                    "type": "Federated"
                  }
                ],
                "resources": [],
                "sid": ""
              }
            ],
            "version": "2012-10-17"
          },
          "sensitive_attributes": []
        }
      ]
    },
    {
      "module": "module.vpc_cni_irsa",
      "mode": "data",
      "type": "aws_partition",
      "name": "current",
      "provider": "provider[\"registry.terraform.io/hashicorp/aws\"]",
      "instances": [
        {
          "schema_version": 0,
          "attributes": {
            "dns_suffix": "amazonaws.com",
            "id": "aws",
            "partition": "aws",
            "reverse_dns_prefix": "com.amazonaws"
          },
          "sensitive_attributes": []
        }
      ]
    },
    {
      "module": "module.vpc_cni_irsa",
      "mode": "managed",
      "type": "aws_iam_policy",
      "name": "load_balancer_controller",
      "provider": "provider[\"registry.terraform.io/hashicorp/aws\"]",
      "instances": [
        {
          "index_key": 0,
          "schema_version": 0,
          "attributes": {
            "arn": "arn:aws:iam::012276489912:policy/AmazonEKS_AWS_Load_Balancer_Controller-20230829193859829600000002",
            "description": "Provides permissions for AWS Load Balancer Controller addon",
            "id": "arn:aws:iam::012276489912:policy/AmazonEKS_AWS_Load_Balancer_Controller-20230829193859829600000002",
            "name": "AmazonEKS_AWS_Load_Balancer_Controller-20230829193859829600000002",
            "name_prefix": "AmazonEKS_AWS_Load_Balancer_Controller-",
            "path": "/",
            "policy": "{\"Statement\":[{\"Action\":\"iam:CreateServiceLinkedRole\",\"Condition\":{\"StringEquals\":{\"iam:AWSServiceName\":\"elasticloadbalancing.amazonaws.com\"}},\"Effect\":\"Allow\",\"Resource\":\"*\"},{\"Action\":[\"elasticloadbalancing:DescribeTargetHealth\",\"elasticloadbalancing:DescribeTargetGroups\",\"elasticloadbalancing:DescribeTargetGroupAttributes\",\"elasticloadbalancing:DescribeTags\",\"elasticloadbalancing:DescribeSSLPolicies\",\"elasticloadbalancing:DescribeRules\",\"elasticloadbalancing:DescribeLoadBalancers\",\"elasticloadbalancing:DescribeLoadBalancerAttributes\",\"elasticloadbalancing:DescribeListeners\",\"elasticloadbalancing:DescribeListenerCertificates\",\"ec2:GetCoipPoolUsage\",\"ec2:DescribeVpcs\",\"ec2:DescribeVpcPeeringConnections\",\"ec2:DescribeTags\",\"ec2:DescribeSubnets\",\"ec2:DescribeSecurityGroups\",\"ec2:DescribeNetworkInterfaces\",\"ec2:DescribeInternetGateways\",\"ec2:DescribeInstances\",\"ec2:DescribeCoipPools\",\"ec2:DescribeAvailabilityZones\",\"ec2:DescribeAddresses\",\"ec2:DescribeAccountAttributes\"],\"Effect\":\"Allow\",\"Resource\":\"*\"},{\"Action\":[\"wafv2:GetWebACLForResource\",\"wafv2:GetWebACL\",\"wafv2:DisassociateWebACL\",\"wafv2:AssociateWebACL\",\"waf-regional:GetWebACLForResource\",\"waf-regional:GetWebACL\",\"waf-regional:DisassociateWebACL\",\"waf-regional:AssociateWebACL\",\"shield:GetSubscriptionState\",\"shield:DescribeProtection\",\"shield:DeleteProtection\",\"shield:CreateProtection\",\"iam:ListServerCertificates\",\"iam:GetServerCertificate\",\"cognito-idp:DescribeUserPoolClient\",\"acm:ListCertificates\",\"acm:DescribeCertificate\"],\"Effect\":\"Allow\",\"Resource\":\"*\"},{\"Action\":[\"ec2:RevokeSecurityGroupIngress\",\"ec2:CreateSecurityGroup\",\"ec2:AuthorizeSecurityGroupIngress\"],\"Effect\":\"Allow\",\"Resource\":\"*\"},{\"Action\":\"ec2:CreateTags\",\"Condition\":{\"Null\":{\"aws:RequestTag/elbv2.k8s.aws/cluster\":\"false\"},\"StringEquals\":{\"ec2:CreateAction\":\"CreateSecurityGroup\"}},\"Effect\":\"Allow\",\"Resource\":\"arn:aws:ec2:*:*:security-group/*\"},{\"Action\":[\"ec2:DeleteTags\",\"ec2:CreateTags\"],\"Condition\":{\"Null\":{\"aws:RequestTag/elbv2.k8s.aws/cluster\":\"true\",\"aws:ResourceTag/elbv2.k8s.aws/cluster\":\"false\"}},\"Effect\":\"Allow\",\"Resource\":\"arn:aws:ec2:*:*:security-group/*\"},{\"Action\":[\"ec2:RevokeSecurityGroupIngress\",\"ec2:DeleteSecurityGroup\",\"ec2:AuthorizeSecurityGroupIngress\"],\"Condition\":{\"Null\":{\"aws:ResourceTag/elbv2.k8s.aws/cluster\":\"false\"}},\"Effect\":\"Allow\",\"Resource\":\"*\"},{\"Action\":[\"elasticloadbalancing:CreateTargetGroup\",\"elasticloadbalancing:CreateLoadBalancer\"],\"Condition\":{\"Null\":{\"aws:RequestTag/elbv2.k8s.aws/cluster\":\"false\"}},\"Effect\":\"Allow\",\"Resource\":\"*\"},{\"Action\":[\"elasticloadbalancing:DeleteRule\",\"elasticloadbalancing:DeleteListener\",\"elasticloadbalancing:CreateRule\",\"elasticloadbalancing:CreateListener\"],\"Effect\":\"Allow\",\"Resource\":\"*\"},{\"Action\":[\"elasticloadbalancing:RemoveTags\",\"elasticloadbalancing:AddTags\"],\"Condition\":{\"Null\":{\"aws:RequestTag/elbv2.k8s.aws/cluster\":\"true\",\"aws:ResourceTag/elbv2.k8s.aws/cluster\":\"false\"}},\"Effect\":\"Allow\",\"Resource\":[\"arn:aws:elasticloadbalancing:*:*:targetgroup/*/*\",\"arn:aws:elasticloadbalancing:*:*:loadbalancer/net/*/*\",\"arn:aws:elasticloadbalancing:*:*:loadbalancer/app/*/*\"]},{\"Action\":[\"elasticloadbalancing:RemoveTags\",\"elasticloadbalancing:AddTags\"],\"Effect\":\"Allow\",\"Resource\":[\"arn:aws:elasticloadbalancing:*:*:listener/net/*/*/*\",\"arn:aws:elasticloadbalancing:*:*:listener/app/*/*/*\",\"arn:aws:elasticloadbalancing:*:*:listener-rule/net/*/*/*\",\"arn:aws:elasticloadbalancing:*:*:listener-rule/app/*/*/*\"]},{\"Action\":[\"elasticloadbalancing:SetSubnets\",\"elasticloadbalancing:SetSecurityGroups\",\"elasticloadbalancing:SetIpAddressType\",\"elasticloadbalancing:ModifyTargetGroupAttributes\",\"elasticloadbalancing:ModifyTargetGroup\",\"elasticloadbalancing:ModifyLoadBalancerAttributes\",\"elasticloadbalancing:DeleteTargetGroup\",\"elasticloadbalancing:DeleteLoadBalancer\"],\"Condition\":{\"Null\":{\"aws:ResourceTag/elbv2.k8s.aws/cluster\":\"false\"}},\"Effect\":\"Allow\",\"Resource\":\"*\"},{\"Action\":[\"elasticloadbalancing:RegisterTargets\",\"elasticloadbalancing:DeregisterTargets\"],\"Effect\":\"Allow\",\"Resource\":\"arn:aws:elasticloadbalancing:*:*:targetgroup/*/*\"},{\"Action\":[\"elasticloadbalancing:SetWebAcl\",\"elasticloadbalancing:RemoveListenerCertificates\",\"elasticloadbalancing:ModifyRule\",\"elasticloadbalancing:ModifyListener\",\"elasticloadbalancing:AddListenerCertificates\"],\"Effect\":\"Allow\",\"Resource\":\"*\"}],\"Version\":\"2012-10-17\"}",
            "policy_id": "ANPAQFW54L24M4LNFP7FH",
            "tags": {},
            "tags_all": {}
          },
          "sensitive_attributes": [],
          "private": "bnVsbA==",
          "dependencies": [
            "module.vpc_cni_irsa.data.aws_iam_policy_document.load_balancer_controller",
            "module.vpc_cni_irsa.data.aws_partition.current"
          ]
        }
      ]
    },
    {
      "module": "module.vpc_cni_irsa",
      "mode": "managed",
      "type": "aws_iam_role",
      "name": "this",
      "provider": "provider[\"registry.terraform.io/hashicorp/aws\"]",
      "instances": [
        {
          "index_key": 0,
          "schema_version": 0,
          "attributes": {
            "arn": "arn:aws:iam::012276489912:role/vpc-cni-irsa-20230829193859828300000001",
            "assume_role_policy": "{\"Statement\":[{\"Action\":\"sts:AssumeRoleWithWebIdentity\",\"Condition\":{\"StringEquals\":{\"oidc.eks.ap-southeast-1.amazonaws.com/id/916E3356A2C1EA351C48AD79D72AD524:aud\":\"sts.amazonaws.com\",\"oidc.eks.ap-southeast-1.amazonaws.com/id/916E3356A2C1EA351C48AD79D72AD524:sub\":\"system:serviceaccount:kube-system:aws-load-balancer-controller\"}},\"Effect\":\"Allow\",\"Principal\":{\"Federated\":\"arn:aws:iam::012276489912:oidc-provider/oidc.eks.ap-southeast-1.amazonaws.com/id/916E3356A2C1EA351C48AD79D72AD524\"}}],\"Version\":\"2012-10-17\"}",
            "create_date": "2023-08-29T19:39:00Z",
            "description": "",
            "force_detach_policies": true,
            "id": "vpc-cni-irsa-20230829193859828300000001",
            "inline_policy": [],
            "managed_policy_arns": [
              "arn:aws:iam::012276489912:policy/AmazonEKS_AWS_Load_Balancer_Controller-20230829193859829600000002"
            ],
            "max_session_duration": 3600,
            "name": "vpc-cni-irsa-20230829193859828300000001",
            "name_prefix": "vpc-cni-irsa-",
            "path": "/",
            "permissions_boundary": null,
            "tags": {},
            "tags_all": {},
            "unique_id": "AROAQFW54L24H73CWDWPI"
          },
          "sensitive_attributes": [],
          "private": "bnVsbA==",
          "dependencies": [
            "data.aws_availability_zones.available",
            "module.eks.aws_cloudwatch_log_group.this",
            "module.eks.aws_eks_cluster.this",
            "module.eks.aws_iam_openid_connect_provider.oidc_provider",
            "module.eks.aws_iam_policy.cni_ipv6_policy",
            "module.eks.aws_iam_role.this",
            "module.eks.aws_iam_role_policy_attachment.this",
            "module.eks.aws_security_group.cluster",
            "module.eks.aws_security_group.node",
            "module.eks.aws_security_group_rule.cluster",
            "module.eks.aws_security_group_rule.node",
            "module.eks.data.aws_caller_identity.current",
            "module.eks.data.aws_iam_policy_document.assume_role_policy",
            "module.eks.data.aws_iam_policy_document.cni_ipv6_policy",
            "module.eks.data.aws_iam_session_context.current",
            "module.eks.data.aws_partition.current",
            "module.eks.data.tls_certificate.this",
            "module.eks.module.kms.aws_kms_external_key.this",
            "module.eks.module.kms.aws_kms_key.this",
            "module.eks.module.kms.data.aws_caller_identity.current",
            "module.eks.module.kms.data.aws_iam_policy_document.this",
            "module.eks.module.kms.data.aws_partition.current",
            "module.vpc.aws_subnet.private",
            "module.vpc.aws_subnet.public",
            "module.vpc.aws_vpc.this",
            "module.vpc.aws_vpc_ipv4_cidr_block_association.this",
            "module.vpc_cni_irsa.data.aws_iam_policy_document.this"
          ]
        }
      ]
    },
    {
      "module": "module.vpc_cni_irsa",
      "mode": "managed",
      "type": "aws_iam_role_policy_attachment",
      "name": "load_balancer_controller",
      "provider": "provider[\"registry.terraform.io/hashicorp/aws\"]",
      "instances": [
        {
          "index_key": 0,
          "schema_version": 0,
          "attributes": {
            "id": "vpc-cni-irsa-20230829193859828300000001-20230829193902194000000003",
            "policy_arn": "arn:aws:iam::012276489912:policy/AmazonEKS_AWS_Load_Balancer_Controller-20230829193859829600000002",
            "role": "vpc-cni-irsa-20230829193859828300000001"
          },
          "sensitive_attributes": [],
          "private": "bnVsbA==",
          "dependencies": [
            "data.aws_availability_zones.available",
            "module.eks.aws_cloudwatch_log_group.this",
            "module.eks.aws_eks_cluster.this",
            "module.eks.aws_iam_openid_connect_provider.oidc_provider",
            "module.eks.aws_iam_policy.cni_ipv6_policy",
            "module.eks.aws_iam_role.this",
            "module.eks.aws_iam_role_policy_attachment.this",
            "module.eks.aws_security_group.cluster",
            "module.eks.aws_security_group.node",
            "module.eks.aws_security_group_rule.cluster",
            "module.eks.aws_security_group_rule.node",
            "module.eks.data.aws_caller_identity.current",
            "module.eks.data.aws_iam_policy_document.assume_role_policy",
            "module.eks.data.aws_iam_policy_document.cni_ipv6_policy",
            "module.eks.data.aws_iam_session_context.current",
            "module.eks.data.aws_partition.current",
            "module.eks.data.tls_certificate.this",
            "module.eks.module.kms.aws_kms_external_key.this",
            "module.eks.module.kms.aws_kms_key.this",
            "module.eks.module.kms.data.aws_caller_identity.current",
            "module.eks.module.kms.data.aws_iam_policy_document.this",
            "module.eks.module.kms.data.aws_partition.current",
            "module.vpc.aws_subnet.private",
            "module.vpc.aws_subnet.public",
            "module.vpc.aws_vpc.this",
            "module.vpc.aws_vpc_ipv4_cidr_block_association.this",
            "module.vpc_cni_irsa.aws_iam_policy.load_balancer_controller",
            "module.vpc_cni_irsa.aws_iam_role.this",
            "module.vpc_cni_irsa.data.aws_iam_policy_document.load_balancer_controller",
            "module.vpc_cni_irsa.data.aws_iam_policy_document.this",
            "module.vpc_cni_irsa.data.aws_partition.current"
          ]
        }
      ]
    }
  ],
  "check_results": null
}
